// !$*UTF8*$!
{
	archiveVersion = 1;
	classes = {
	};
	objectVersion = 50;
	objects = {

/* Begin PBXBuildFile section */
		2B310E56216A35A400EBAEA2 /* AppDelegate.swift in Sources */ = {isa = PBXBuildFile; fileRef = 2B310E55216A35A400EBAEA2 /* AppDelegate.swift */; };
		2B310E58216A35A400EBAEA2 /* ViewController.swift in Sources */ = {isa = PBXBuildFile; fileRef = 2B310E57216A35A400EBAEA2 /* ViewController.swift */; };
		2B310E5B216A35A400EBAEA2 /* Main.storyboard in Resources */ = {isa = PBXBuildFile; fileRef = 2B310E59216A35A400EBAEA2 /* Main.storyboard */; };
		2B310E5D216A35A600EBAEA2 /* Assets.xcassets in Resources */ = {isa = PBXBuildFile; fileRef = 2B310E5C216A35A600EBAEA2 /* Assets.xcassets */; };
		2B310E60216A35A600EBAEA2 /* LaunchScreen.storyboard in Resources */ = {isa = PBXBuildFile; fileRef = 2B310E5E216A35A600EBAEA2 /* LaunchScreen.storyboard */; };
		2B5E322D21932F7800A04A50 /* Member.storyboard in Resources */ = {isa = PBXBuildFile; fileRef = 2B5E322C21932F7800A04A50 /* Member.storyboard */; };
		2B5E322F2193398B00A04A50 /* MemberViewController.swift in Sources */ = {isa = PBXBuildFile; fileRef = 2B5E322E2193398B00A04A50 /* MemberViewController.swift */; };
		2B5E32362193C9E100A04A50 /* Activities.storyboard in Resources */ = {isa = PBXBuildFile; fileRef = 2B5E32352193C9E100A04A50 /* Activities.storyboard */; };
		2B5E32402193D3F700A04A50 /* ChatRoom.storyboard in Resources */ = {isa = PBXBuildFile; fileRef = 2B5E323F2193D3F700A04A50 /* ChatRoom.storyboard */; };
		2BFE784C218FFF3F005CD0D9 /* Member.swift in Sources */ = {isa = PBXBuildFile; fileRef = 2BFE784B218FFF3F005CD0D9 /* Member.swift */; };
		2BFE784E21900F42005CD0D9 /* Common.swift in Sources */ = {isa = PBXBuildFile; fileRef = 2BFE784D21900F42005CD0D9 /* Common.swift */; };
		2CB6567D2193E61B0086798A /* ProductPage.storyboard in Resources */ = {isa = PBXBuildFile; fileRef = 2CB6567C2193E61B0086798A /* ProductPage.storyboard */; };
		2CB656842193E6430086798A /* img_product_drink_shop.png in Resources */ = {isa = PBXBuildFile; fileRef = 2CB6567F2193E6430086798A /* img_product_drink_shop.png */; };
		2CB656852193E6430086798A /* img_product_size_l.png in Resources */ = {isa = PBXBuildFile; fileRef = 2CB656802193E6430086798A /* img_product_size_l.png */; };
		2CB656862193E6430086798A /* img_product_size_m.png in Resources */ = {isa = PBXBuildFile; fileRef = 2CB656812193E6430086798A /* img_product_size_m.png */; };
		2CB656872193E6430086798A /* img_product_item_total.png in Resources */ = {isa = PBXBuildFile; fileRef = 2CB656822193E6430086798A /* img_product_item_total.png */; };
		2CB656882193E6430086798A /* img_product_background.png in Resources */ = {isa = PBXBuildFile; fileRef = 2CB656832193E6430086798A /* img_product_background.png */; };
		2CB6568C2193E7380086798A /* CategoryView.swift in Sources */ = {isa = PBXBuildFile; fileRef = 2CB656892193E7380086798A /* CategoryView.swift */; };
		2CB6568D2193E7380086798A /* ProductPageViewController.swift in Sources */ = {isa = PBXBuildFile; fileRef = 2CB6568A2193E7380086798A /* ProductPageViewController.swift */; };
		2CB6568E2193E7380086798A /* ColorHelper.swift in Sources */ = {isa = PBXBuildFile; fileRef = 2CB6568B2193E7380086798A /* ColorHelper.swift */; };
/* End PBXBuildFile section */

/* Begin PBXFileReference section */
		2B310E52216A35A400EBAEA2 /* DrinkShopClient_IOS.app */ = {isa = PBXFileReference; explicitFileType = wrapper.application; includeInIndex = 0; path = DrinkShopClient_IOS.app; sourceTree = BUILT_PRODUCTS_DIR; };
		2B310E55216A35A400EBAEA2 /* AppDelegate.swift */ = {isa = PBXFileReference; lastKnownFileType = sourcecode.swift; path = AppDelegate.swift; sourceTree = "<group>"; };
		2B310E57216A35A400EBAEA2 /* ViewController.swift */ = {isa = PBXFileReference; lastKnownFileType = sourcecode.swift; path = ViewController.swift; sourceTree = "<group>"; };
		2B310E5A216A35A400EBAEA2 /* Base */ = {isa = PBXFileReference; lastKnownFileType = file.storyboard; name = Base; path = Base.lproj/Main.storyboard; sourceTree = "<group>"; };
		2B310E5C216A35A600EBAEA2 /* Assets.xcassets */ = {isa = PBXFileReference; lastKnownFileType = folder.assetcatalog; path = Assets.xcassets; sourceTree = "<group>"; };
		2B310E5F216A35A600EBAEA2 /* Base */ = {isa = PBXFileReference; lastKnownFileType = file.storyboard; name = Base; path = Base.lproj/LaunchScreen.storyboard; sourceTree = "<group>"; };
		2B310E61216A35A600EBAEA2 /* Info.plist */ = {isa = PBXFileReference; lastKnownFileType = text.plist.xml; path = Info.plist; sourceTree = "<group>"; };
		2B5E322C21932F7800A04A50 /* Member.storyboard */ = {isa = PBXFileReference; lastKnownFileType = file.storyboard; path = Member.storyboard; sourceTree = "<group>"; };
		2B5E322E2193398B00A04A50 /* MemberViewController.swift */ = {isa = PBXFileReference; lastKnownFileType = sourcecode.swift; path = MemberViewController.swift; sourceTree = "<group>"; };
		2B5E32352193C9E100A04A50 /* Activities.storyboard */ = {isa = PBXFileReference; lastKnownFileType = file.storyboard; path = Activities.storyboard; sourceTree = "<group>"; };
		2B5E323F2193D3F700A04A50 /* ChatRoom.storyboard */ = {isa = PBXFileReference; lastKnownFileType = file.storyboard; path = ChatRoom.storyboard; sourceTree = "<group>"; };
		2BFE784B218FFF3F005CD0D9 /* Member.swift */ = {isa = PBXFileReference; lastKnownFileType = sourcecode.swift; path = Member.swift; sourceTree = "<group>"; };
		2BFE784D21900F42005CD0D9 /* Common.swift */ = {isa = PBXFileReference; lastKnownFileType = sourcecode.swift; path = Common.swift; sourceTree = "<group>"; };
		2CB6567C2193E61B0086798A /* ProductPage.storyboard */ = {isa = PBXFileReference; fileEncoding = 4; lastKnownFileType = file.storyboard; path = ProductPage.storyboard; sourceTree = "<group>"; };
		2CB6567F2193E6430086798A /* img_product_drink_shop.png */ = {isa = PBXFileReference; lastKnownFileType = image.png; path = img_product_drink_shop.png; sourceTree = "<group>"; };
		2CB656802193E6430086798A /* img_product_size_l.png */ = {isa = PBXFileReference; lastKnownFileType = image.png; path = img_product_size_l.png; sourceTree = "<group>"; };
		2CB656812193E6430086798A /* img_product_size_m.png */ = {isa = PBXFileReference; lastKnownFileType = image.png; path = img_product_size_m.png; sourceTree = "<group>"; };
		2CB656822193E6430086798A /* img_product_item_total.png */ = {isa = PBXFileReference; lastKnownFileType = image.png; path = img_product_item_total.png; sourceTree = "<group>"; };
		2CB656832193E6430086798A /* img_product_background.png */ = {isa = PBXFileReference; lastKnownFileType = image.png; path = img_product_background.png; sourceTree = "<group>"; };
		2CB656892193E7380086798A /* CategoryView.swift */ = {isa = PBXFileReference; fileEncoding = 4; lastKnownFileType = sourcecode.swift; path = CategoryView.swift; sourceTree = "<group>"; };
		2CB6568A2193E7380086798A /* ProductPageViewController.swift */ = {isa = PBXFileReference; fileEncoding = 4; lastKnownFileType = sourcecode.swift; path = ProductPageViewController.swift; sourceTree = "<group>"; };
		2CB6568B2193E7380086798A /* ColorHelper.swift */ = {isa = PBXFileReference; fileEncoding = 4; lastKnownFileType = sourcecode.swift; path = ColorHelper.swift; sourceTree = "<group>"; };
/* End PBXFileReference section */

/* Begin PBXFrameworksBuildPhase section */
		2B310E4F216A35A400EBAEA2 /* Frameworks */ = {
			isa = PBXFrameworksBuildPhase;
			buildActionMask = 2147483647;
			files = (
			);
			runOnlyForDeploymentPostprocessing = 0;
		};
/* End PBXFrameworksBuildPhase section */

/* Begin PBXGroup section */
		2B310E49216A35A400EBAEA2 = {
			isa = PBXGroup;
			children = (
				2B310E54216A35A400EBAEA2 /* DrinkShopClient_IOS */,
				2B310E53216A35A400EBAEA2 /* Products */,
			);
			sourceTree = "<group>";
		};
		2B310E53216A35A400EBAEA2 /* Products */ = {
			isa = PBXGroup;
			children = (
				2B310E52216A35A400EBAEA2 /* DrinkShopClient_IOS.app */,
			);
			name = Products;
			sourceTree = "<group>";
		};
		2B310E54216A35A400EBAEA2 /* DrinkShopClient_IOS */ = {
			isa = PBXGroup;
			children = (
				2CB656772193E5910086798A /* Product */,
				2B71078A2193D8660061CF64 /* Common */,
				2B5E32382193CA2F00A04A50 /* ChatRoom */,
				2B5E32312193C98000A04A50 /* Activities */,
				2B5E32302193C8F200A04A50 /* Member */,
				2B310E5C216A35A600EBAEA2 /* Assets.xcassets */,
				2B310E5E216A35A600EBAEA2 /* LaunchScreen.storyboard */,
				2B310E61216A35A600EBAEA2 /* Info.plist */,
			);
			path = DrinkShopClient_IOS;
			sourceTree = "<group>";
		};
		2B5E32302193C8F200A04A50 /* Member */ = {
			isa = PBXGroup;
			children = (
				2B86C97B218FE75600D93FC9 /* Model */,
				2B86C97D218FE7AA00D93FC9 /* View */,
				2B86C97C218FE76900D93FC9 /* Controller */,
			);
			path = Member;
			sourceTree = "<group>";
		};
		2B5E32312193C98000A04A50 /* Activities */ = {
			isa = PBXGroup;
			children = (
				2B5E32322193C99100A04A50 /* Model */,
				2B5E32342193C9AE00A04A50 /* View */,
				2B5E32332193C9A300A04A50 /* Controller */,
			);
			path = Activities;
			sourceTree = "<group>";
		};
		2B5E32322193C99100A04A50 /* Model */ = {
			isa = PBXGroup;
			children = (
			);
			path = Model;
			sourceTree = "<group>";
		};
		2B5E32332193C9A300A04A50 /* Controller */ = {
			isa = PBXGroup;
			children = (
			);
			path = Controller;
			sourceTree = "<group>";
		};
		2B5E32342193C9AE00A04A50 /* View */ = {
			isa = PBXGroup;
			children = (
				2B5E32352193C9E100A04A50 /* Activities.storyboard */,
			);
			path = View;
			sourceTree = "<group>";
		};
		2B5E32382193CA2F00A04A50 /* ChatRoom */ = {
			isa = PBXGroup;
			children = (
				2B5E323E2193CA8000A04A50 /* Controller */,
				2B5E323D2193CA7500A04A50 /* View */,
				2B5E323C2193CA6D00A04A50 /* Model */,
			);
			path = ChatRoom;
			sourceTree = "<group>";
		};
		2B5E323C2193CA6D00A04A50 /* Model */ = {
			isa = PBXGroup;
			children = (
			);
			path = Model;
			sourceTree = "<group>";
		};
		2B5E323D2193CA7500A04A50 /* View */ = {
			isa = PBXGroup;
			children = (
				2B5E323F2193D3F700A04A50 /* ChatRoom.storyboard */,
			);
			path = View;
			sourceTree = "<group>";
		};
		2B5E323E2193CA8000A04A50 /* Controller */ = {
			isa = PBXGroup;
			children = (
			);
			path = Controller;
			sourceTree = "<group>";
		};
		2B71078A2193D8660061CF64 /* Common */ = {
			isa = PBXGroup;
			children = (
				2B310E55216A35A400EBAEA2 /* AppDelegate.swift */,
				2B71078D2193F36B0061CF64 /* Model */,
				2B71078C2193F35F0061CF64 /* Controller */,
				2B71078B2193F34C0061CF64 /* View */,
			);
			path = Common;
			sourceTree = "<group>";
		};
		2B71078B2193F34C0061CF64 /* View */ = {
			isa = PBXGroup;
			children = (
				2B310E59216A35A400EBAEA2 /* Main.storyboard */,
			);
			path = View;
			sourceTree = "<group>";
		};
		2B71078C2193F35F0061CF64 /* Controller */ = {
			isa = PBXGroup;
			children = (
			);
			path = Controller;
			sourceTree = "<group>";
		};
		2B71078D2193F36B0061CF64 /* Model */ = {
			isa = PBXGroup;
			children = (
				2CB6568B2193E7380086798A /* ColorHelper.swift */,
				2BFE784D21900F42005CD0D9 /* Common.swift */,
			);
			path = Model;
			sourceTree = "<group>";
		};
		2B86C97B218FE75600D93FC9 /* Model */ = {
			isa = PBXGroup;
			children = (
				2BFE784B218FFF3F005CD0D9 /* Member.swift */,
			);
			path = Model;
			sourceTree = "<group>";
		};
		2B86C97C218FE76900D93FC9 /* Controller */ = {
			isa = PBXGroup;
			children = (
				2B310E57216A35A400EBAEA2 /* ViewController.swift */,
				2B5E322E2193398B00A04A50 /* MemberViewController.swift */,
			);
			path = Controller;
			sourceTree = "<group>";
		};
		2B86C97D218FE7AA00D93FC9 /* View */ = {
			isa = PBXGroup;
			children = (
				2B5E322C21932F7800A04A50 /* Member.storyboard */,
			);
			path = View;
			sourceTree = "<group>";
		};
		2CB656772193E5910086798A /* Product */ = {
			isa = PBXGroup;
			children = (
				2CB6567E2193E6430086798A /* image */,
				2CB6567B2193E6000086798A /* Controller */,
				2CB6567A2193E5F80086798A /* Model */,
				2CB656792193E5EC0086798A /* View */,
			);
			path = Product;
			sourceTree = "<group>";
		};
		2CB656792193E5EC0086798A /* View */ = {
			isa = PBXGroup;
			children = (
				2CB6567C2193E61B0086798A /* ProductPage.storyboard */,
				2CB656892193E7380086798A /* CategoryView.swift */,
			);
			path = View;
			sourceTree = "<group>";
		};
		2CB6567A2193E5F80086798A /* Model */ = {
			isa = PBXGroup;
			children = (
			);
			path = Model;
			sourceTree = "<group>";
		};
		2CB6567B2193E6000086798A /* Controller */ = {
			isa = PBXGroup;
			children = (
				2CB6568A2193E7380086798A /* ProductPageViewController.swift */,
			);
			path = Controller;
			sourceTree = "<group>";
		};
		2CB6567E2193E6430086798A /* image */ = {
			isa = PBXGroup;
			children = (
				2CB6567F2193E6430086798A /* img_product_drink_shop.png */,
				2CB656802193E6430086798A /* img_product_size_l.png */,
				2CB656812193E6430086798A /* img_product_size_m.png */,
				2CB656822193E6430086798A /* img_product_item_total.png */,
				2CB656832193E6430086798A /* img_product_background.png */,
			);
			path = image;
			sourceTree = "<group>";
		};
/* End PBXGroup section */

/* Begin PBXNativeTarget section */
		2B310E51216A35A400EBAEA2 /* DrinkShopClient_IOS */ = {
			isa = PBXNativeTarget;
			buildConfigurationList = 2B310E64216A35A600EBAEA2 /* Build configuration list for PBXNativeTarget "DrinkShopClient_IOS" */;
			buildPhases = (
				2B310E4E216A35A400EBAEA2 /* Sources */,
				2B310E4F216A35A400EBAEA2 /* Frameworks */,
				2B310E50216A35A400EBAEA2 /* Resources */,
			);
			buildRules = (
			);
			dependencies = (
			);
			name = DrinkShopClient_IOS;
			productName = DrinkShopClient_IOS;
			productReference = 2B310E52216A35A400EBAEA2 /* DrinkShopClient_IOS.app */;
			productType = "com.apple.product-type.application";
		};
/* End PBXNativeTarget section */

/* Begin PBXProject section */
		2B310E4A216A35A400EBAEA2 /* Project object */ = {
			isa = PBXProject;
			attributes = {
				LastSwiftUpdateCheck = 1000;
				LastUpgradeCheck = 1000;
				ORGANIZATIONNAME = "Nick Wen";
				TargetAttributes = {
					2B310E51216A35A400EBAEA2 = {
						CreatedOnToolsVersion = 10.0;
						LastSwiftMigration = 1010;
					};
				};
			};
			buildConfigurationList = 2B310E4D216A35A400EBAEA2 /* Build configuration list for PBXProject "DrinkShopClient_IOS" */;
			compatibilityVersion = "Xcode 9.3";
			developmentRegion = en;
			hasScannedForEncodings = 0;
			knownRegions = (
				en,
				Base,
			);
			mainGroup = 2B310E49216A35A400EBAEA2;
			productRefGroup = 2B310E53216A35A400EBAEA2 /* Products */;
			projectDirPath = "";
			projectRoot = "";
			targets = (
				2B310E51216A35A400EBAEA2 /* DrinkShopClient_IOS */,
			);
		};
/* End PBXProject section */

/* Begin PBXResourcesBuildPhase section */
		2B310E50216A35A400EBAEA2 /* Resources */ = {
			isa = PBXResourcesBuildPhase;
			buildActionMask = 2147483647;
			files = (
				2B5E32362193C9E100A04A50 /* Activities.storyboard in Resources */,
				2B5E322D21932F7800A04A50 /* Member.storyboard in Resources */,
				2CB656842193E6430086798A /* img_product_drink_shop.png in Resources */,
				2B310E60216A35A600EBAEA2 /* LaunchScreen.storyboard in Resources */,
				2CB656862193E6430086798A /* img_product_size_m.png in Resources */,
				2B310E5D216A35A600EBAEA2 /* Assets.xcassets in Resources */,
				2CB656852193E6430086798A /* img_product_size_l.png in Resources */,
				2CB656872193E6430086798A /* img_product_item_total.png in Resources */,
				2B310E5B216A35A400EBAEA2 /* Main.storyboard in Resources */,
				2CB656882193E6430086798A /* img_product_background.png in Resources */,
				2B5E32402193D3F700A04A50 /* ChatRoom.storyboard in Resources */,
				2CB6567D2193E61B0086798A /* ProductPage.storyboard in Resources */,
			);
			runOnlyForDeploymentPostprocessing = 0;
		};
/* End PBXResourcesBuildPhase section */

/* Begin PBXSourcesBuildPhase section */
		2B310E4E216A35A400EBAEA2 /* Sources */ = {
			isa = PBXSourcesBuildPhase;
			buildActionMask = 2147483647;
			files = (
				2B5E322F2193398B00A04A50 /* MemberViewController.swift in Sources */,
				2BFE784E21900F42005CD0D9 /* Common.swift in Sources */,
				2CB6568D2193E7380086798A /* ProductPageViewController.swift in Sources */,
				2CB6568E2193E7380086798A /* ColorHelper.swift in Sources */,
				2CB6568C2193E7380086798A /* CategoryView.swift in Sources */,
				2B310E58216A35A400EBAEA2 /* ViewController.swift in Sources */,
				2BFE784C218FFF3F005CD0D9 /* Member.swift in Sources */,
				2B310E56216A35A400EBAEA2 /* AppDelegate.swift in Sources */,
			);
			runOnlyForDeploymentPostprocessing = 0;
		};
/* End PBXSourcesBuildPhase section */

/* Begin PBXVariantGroup section */
		2B310E59216A35A400EBAEA2 /* Main.storyboard */ = {
			isa = PBXVariantGroup;
			children = (
				2B310E5A216A35A400EBAEA2 /* Base */,
			);
			name = Main.storyboard;
			sourceTree = "<group>";
		};
		2B310E5E216A35A600EBAEA2 /* LaunchScreen.storyboard */ = {
			isa = PBXVariantGroup;
			children = (
				2B310E5F216A35A600EBAEA2 /* Base */,
			);
			name = LaunchScreen.storyboard;
			sourceTree = "<group>";
		};
/* End PBXVariantGroup section */

/* Begin XCBuildConfiguration section */
		2B310E62216A35A600EBAEA2 /* Debug */ = {
			isa = XCBuildConfiguration;
			buildSettings = {
				ALWAYS_SEARCH_USER_PATHS = NO;
				CLANG_ANALYZER_NONNULL = YES;
				CLANG_ANALYZER_NUMBER_OBJECT_CONVERSION = YES_AGGRESSIVE;
				CLANG_CXX_LANGUAGE_STANDARD = "gnu++14";
				CLANG_CXX_LIBRARY = "libc++";
				CLANG_ENABLE_MODULES = YES;
				CLANG_ENABLE_OBJC_ARC = YES;
				CLANG_ENABLE_OBJC_WEAK = YES;
				CLANG_WARN_BLOCK_CAPTURE_AUTORELEASING = YES;
				CLANG_WARN_BOOL_CONVERSION = YES;
				CLANG_WARN_COMMA = YES;
				CLANG_WARN_CONSTANT_CONVERSION = YES;
				CLANG_WARN_DEPRECATED_OBJC_IMPLEMENTATIONS = YES;
				CLANG_WARN_DIRECT_OBJC_ISA_USAGE = YES_ERROR;
				CLANG_WARN_DOCUMENTATION_COMMENTS = YES;
				CLANG_WARN_EMPTY_BODY = YES;
				CLANG_WARN_ENUM_CONVERSION = YES;
				CLANG_WARN_INFINITE_RECURSION = YES;
				CLANG_WARN_INT_CONVERSION = YES;
				CLANG_WARN_NON_LITERAL_NULL_CONVERSION = YES;
				CLANG_WARN_OBJC_IMPLICIT_RETAIN_SELF = YES;
				CLANG_WARN_OBJC_LITERAL_CONVERSION = YES;
				CLANG_WARN_OBJC_ROOT_CLASS = YES_ERROR;
				CLANG_WARN_RANGE_LOOP_ANALYSIS = YES;
				CLANG_WARN_STRICT_PROTOTYPES = YES;
				CLANG_WARN_SUSPICIOUS_MOVE = YES;
				CLANG_WARN_UNGUARDED_AVAILABILITY = YES_AGGRESSIVE;
				CLANG_WARN_UNREACHABLE_CODE = YES;
				CLANG_WARN__DUPLICATE_METHOD_MATCH = YES;
				CODE_SIGN_IDENTITY = "iPhone Developer";
				COPY_PHASE_STRIP = NO;
				DEBUG_INFORMATION_FORMAT = dwarf;
				ENABLE_STRICT_OBJC_MSGSEND = YES;
				ENABLE_TESTABILITY = YES;
				GCC_C_LANGUAGE_STANDARD = gnu11;
				GCC_DYNAMIC_NO_PIC = NO;
				GCC_NO_COMMON_BLOCKS = YES;
				GCC_OPTIMIZATION_LEVEL = 0;
				GCC_PREPROCESSOR_DEFINITIONS = (
					"DEBUG=1",
					"$(inherited)",
				);
				GCC_WARN_64_TO_32_BIT_CONVERSION = YES;
				GCC_WARN_ABOUT_RETURN_TYPE = YES_ERROR;
				GCC_WARN_UNDECLARED_SELECTOR = YES;
				GCC_WARN_UNINITIALIZED_AUTOS = YES_AGGRESSIVE;
				GCC_WARN_UNUSED_FUNCTION = YES;
				GCC_WARN_UNUSED_VARIABLE = YES;
				IPHONEOS_DEPLOYMENT_TARGET = 12.0;
				MTL_ENABLE_DEBUG_INFO = INCLUDE_SOURCE;
				MTL_FAST_MATH = YES;
				ONLY_ACTIVE_ARCH = YES;
				SDKROOT = iphoneos;
				SWIFT_ACTIVE_COMPILATION_CONDITIONS = DEBUG;
				SWIFT_OPTIMIZATION_LEVEL = "-Onone";
			};
			name = Debug;
		};
		2B310E63216A35A600EBAEA2 /* Release */ = {
			isa = XCBuildConfiguration;
			buildSettings = {
				ALWAYS_SEARCH_USER_PATHS = NO;
				CLANG_ANALYZER_NONNULL = YES;
				CLANG_ANALYZER_NUMBER_OBJECT_CONVERSION = YES_AGGRESSIVE;
				CLANG_CXX_LANGUAGE_STANDARD = "gnu++14";
				CLANG_CXX_LIBRARY = "libc++";
				CLANG_ENABLE_MODULES = YES;
				CLANG_ENABLE_OBJC_ARC = YES;
				CLANG_ENABLE_OBJC_WEAK = YES;
				CLANG_WARN_BLOCK_CAPTURE_AUTORELEASING = YES;
				CLANG_WARN_BOOL_CONVERSION = YES;
				CLANG_WARN_COMMA = YES;
				CLANG_WARN_CONSTANT_CONVERSION = YES;
				CLANG_WARN_DEPRECATED_OBJC_IMPLEMENTATIONS = YES;
				CLANG_WARN_DIRECT_OBJC_ISA_USAGE = YES_ERROR;
				CLANG_WARN_DOCUMENTATION_COMMENTS = YES;
				CLANG_WARN_EMPTY_BODY = YES;
				CLANG_WARN_ENUM_CONVERSION = YES;
				CLANG_WARN_INFINITE_RECURSION = YES;
				CLANG_WARN_INT_CONVERSION = YES;
				CLANG_WARN_NON_LITERAL_NULL_CONVERSION = YES;
				CLANG_WARN_OBJC_IMPLICIT_RETAIN_SELF = YES;
				CLANG_WARN_OBJC_LITERAL_CONVERSION = YES;
				CLANG_WARN_OBJC_ROOT_CLASS = YES_ERROR;
				CLANG_WARN_RANGE_LOOP_ANALYSIS = YES;
				CLANG_WARN_STRICT_PROTOTYPES = YES;
				CLANG_WARN_SUSPICIOUS_MOVE = YES;
				CLANG_WARN_UNGUARDED_AVAILABILITY = YES_AGGRESSIVE;
				CLANG_WARN_UNREACHABLE_CODE = YES;
				CLANG_WARN__DUPLICATE_METHOD_MATCH = YES;
				CODE_SIGN_IDENTITY = "iPhone Developer";
				COPY_PHASE_STRIP = NO;
				DEBUG_INFORMATION_FORMAT = "dwarf-with-dsym";
				ENABLE_NS_ASSERTIONS = NO;
				ENABLE_STRICT_OBJC_MSGSEND = YES;
				GCC_C_LANGUAGE_STANDARD = gnu11;
				GCC_NO_COMMON_BLOCKS = YES;
				GCC_WARN_64_TO_32_BIT_CONVERSION = YES;
				GCC_WARN_ABOUT_RETURN_TYPE = YES_ERROR;
				GCC_WARN_UNDECLARED_SELECTOR = YES;
				GCC_WARN_UNINITIALIZED_AUTOS = YES_AGGRESSIVE;
				GCC_WARN_UNUSED_FUNCTION = YES;
				GCC_WARN_UNUSED_VARIABLE = YES;
				IPHONEOS_DEPLOYMENT_TARGET = 12.0;
				MTL_ENABLE_DEBUG_INFO = NO;
				MTL_FAST_MATH = YES;
				SDKROOT = iphoneos;
				SWIFT_COMPILATION_MODE = wholemodule;
				SWIFT_OPTIMIZATION_LEVEL = "-O";
				VALIDATE_PRODUCT = YES;
			};
			name = Release;
		};
		2B310E65216A35A600EBAEA2 /* Debug */ = {
			isa = XCBuildConfiguration;
			buildSettings = {
				ASSETCATALOG_COMPILER_APPICON_NAME = AppIcon;
				CLANG_ENABLE_MODULES = YES;
				CODE_SIGN_STYLE = Automatic;
				INFOPLIST_FILE = DrinkShopClient_IOS/Info.plist;
				LD_RUNPATH_SEARCH_PATHS = (
					"$(inherited)",
					"@executable_path/Frameworks",
				);
				PRODUCT_BUNDLE_IDENTIFIER = "nick.com.DrinkShopClient-IOS";
				PRODUCT_NAME = "$(TARGET_NAME)";
				SWIFT_OBJC_BRIDGING_HEADER = "";
				SWIFT_OPTIMIZATION_LEVEL = "-Onone";
				SWIFT_VERSION = 4.2;
				TARGETED_DEVICE_FAMILY = 1;
			};
			name = Debug;
		};
		2B310E66216A35A600EBAEA2 /* Release */ = {
			isa = XCBuildConfiguration;
			buildSettings = {
				ASSETCATALOG_COMPILER_APPICON_NAME = AppIcon;
				CLANG_ENABLE_MODULES = YES;
				CODE_SIGN_STYLE = Automatic;
				INFOPLIST_FILE = DrinkShopClient_IOS/Info.plist;
				LD_RUNPATH_SEARCH_PATHS = (
					"$(inherited)",
					"@executable_path/Frameworks",
				);
				PRODUCT_BUNDLE_IDENTIFIER = "nick.com.DrinkShopClient-IOS";
				PRODUCT_NAME = "$(TARGET_NAME)";
				SWIFT_OBJC_BRIDGING_HEADER = "";
				SWIFT_VERSION = 4.2;
				TARGETED_DEVICE_FAMILY = 1;
			};
			name = Release;
		};
/* End XCBuildConfiguration section */

/* Begin XCConfigurationList section */
		2B310E4D216A35A400EBAEA2 /* Build configuration list for PBXProject "DrinkShopClient_IOS" */ = {
			isa = XCConfigurationList;
			buildConfigurations = (
				2B310E62216A35A600EBAEA2 /* Debug */,
				2B310E63216A35A600EBAEA2 /* Release */,
			);
			defaultConfigurationIsVisible = 0;
			defaultConfigurationName = Release;
		};
		2B310E64216A35A600EBAEA2 /* Build configuration list for PBXNativeTarget "DrinkShopClient_IOS" */ = {
			isa = XCConfigurationList;
			buildConfigurations = (
				2B310E65216A35A600EBAEA2 /* Debug */,
				2B310E66216A35A600EBAEA2 /* Release */,
			);
			defaultConfigurationIsVisible = 0;
			defaultConfigurationName = Release;
		};
/* End XCConfigurationList section */
	};
	rootObject = 2B310E4A216A35A400EBAEA2 /* Project object */;
}
