// !$*UTF8*$!
{
	archiveVersion = 1;
	classes = {
	};
	objectVersion = 50;
	objects = {

/* Begin PBXBuildFile section */
		2B14B09421969C0500EE6BC4 /* MemberFunctionViewController.swift in Sources */ = {isa = PBXBuildFile; fileRef = 2B14B09321969C0500EE6BC4 /* MemberFunctionViewController.swift */; };
		2B1EF15421BE3864007A7D51 /* servishero_loading.json in Resources */ = {isa = PBXBuildFile; fileRef = 2B1EF15221BE3864007A7D51 /* servishero_loading.json */; };
		2B1EF15521BE3864007A7D51 /* happybirthday.aep in Resources */ = {isa = PBXBuildFile; fileRef = 2B1EF15321BE3864007A7D51 /* happybirthday.aep */; };
		2B1EF15721BE4859007A7D51 /* CouponViewController.swift in Sources */ = {isa = PBXBuildFile; fileRef = 2B1EF15621BE4859007A7D51 /* CouponViewController.swift */; };
		2B20D9A32193FC80007EF9A9 /* Communicator.swift in Sources */ = {isa = PBXBuildFile; fileRef = 2B20D9A12193FC80007EF9A9 /* Communicator.swift */; };
		2B20D9A42193FC80007EF9A9 /* UIImage+Resize.swift in Sources */ = {isa = PBXBuildFile; fileRef = 2B20D9A22193FC80007EF9A9 /* UIImage+Resize.swift */; };
		2B21E03E21A5315A00B3AAC7 /* MemberHistoryTableViewController.swift in Sources */ = {isa = PBXBuildFile; fileRef = 2B21E03D21A5315A00B3AAC7 /* MemberHistoryTableViewController.swift */; };
		2B21E04021A5318E00B3AAC7 /* MemberOrderTableViewController.swift in Sources */ = {isa = PBXBuildFile; fileRef = 2B21E03F21A5318E00B3AAC7 /* MemberOrderTableViewController.swift */; };
		2B21E04221A531CA00B3AAC7 /* MemberCouponTableViewController.swift in Sources */ = {isa = PBXBuildFile; fileRef = 2B21E04121A531CA00B3AAC7 /* MemberCouponTableViewController.swift */; };
		2B21F4D321BA838700534049 /* MemberOrderDetailViewController.swift in Sources */ = {isa = PBXBuildFile; fileRef = 2B21F4D221BA838700534049 /* MemberOrderDetailViewController.swift */; };
		2B21F4D521BA83BE00534049 /* Order.swift in Sources */ = {isa = PBXBuildFile; fileRef = 2B21F4D421BA83BE00534049 /* Order.swift */; };
		2B21F4D721BA83DF00534049 /* MemberOrderTableViewCell.swift in Sources */ = {isa = PBXBuildFile; fileRef = 2B21F4D621BA83DE00534049 /* MemberOrderTableViewCell.swift */; };
		2B21F4DB21BA8A9800534049 /* MemberHistoryTableViewCell.swift in Sources */ = {isa = PBXBuildFile; fileRef = 2B21F4D821BA8A9800534049 /* MemberHistoryTableViewCell.swift */; };
		2B21F4DC21BA8A9800534049 /* MemberHistoryViewController.swift in Sources */ = {isa = PBXBuildFile; fileRef = 2B21F4D921BA8A9800534049 /* MemberHistoryViewController.swift */; };
		2B21F4DF21BA914400534049 /* Coupon.swift in Sources */ = {isa = PBXBuildFile; fileRef = 2B21F4DE21BA914400534049 /* Coupon.swift */; };
		2B21F4E121BA915900534049 /* MemberCouponTableViewCell.swift in Sources */ = {isa = PBXBuildFile; fileRef = 2B21F4E021BA915900534049 /* MemberCouponTableViewCell.swift */; };
		2B21F4E521BBCA2600534049 /* MapKit.framework in Frameworks */ = {isa = PBXBuildFile; fileRef = 2B21F4E421BBCA2600534049 /* MapKit.framework */; };
		2B21F4E721BBE20300534049 /* MemberRegisterTableViewController.swift in Sources */ = {isa = PBXBuildFile; fileRef = 2B21F4E621BBE20300534049 /* MemberRegisterTableViewController.swift */; };
		2B310E56216A35A400EBAEA2 /* AppDelegate.swift in Sources */ = {isa = PBXBuildFile; fileRef = 2B310E55216A35A400EBAEA2 /* AppDelegate.swift */; };
		2B310E58216A35A400EBAEA2 /* ViewController.swift in Sources */ = {isa = PBXBuildFile; fileRef = 2B310E57216A35A400EBAEA2 /* ViewController.swift */; };
		2B310E5B216A35A400EBAEA2 /* Main.storyboard in Resources */ = {isa = PBXBuildFile; fileRef = 2B310E59216A35A400EBAEA2 /* Main.storyboard */; };
		2B310E5D216A35A600EBAEA2 /* Assets.xcassets in Resources */ = {isa = PBXBuildFile; fileRef = 2B310E5C216A35A600EBAEA2 /* Assets.xcassets */; };
		2B310E60216A35A600EBAEA2 /* LaunchScreen.storyboard in Resources */ = {isa = PBXBuildFile; fileRef = 2B310E5E216A35A600EBAEA2 /* LaunchScreen.storyboard */; };
		2B5E322D21932F7800A04A50 /* Member.storyboard in Resources */ = {isa = PBXBuildFile; fileRef = 2B5E322C21932F7800A04A50 /* Member.storyboard */; };
		2B5E322F2193398B00A04A50 /* MemberViewController.swift in Sources */ = {isa = PBXBuildFile; fileRef = 2B5E322E2193398B00A04A50 /* MemberViewController.swift */; };
		2B5E32402193D3F700A04A50 /* ChatRoom.storyboard in Resources */ = {isa = PBXBuildFile; fileRef = 2B5E323F2193D3F700A04A50 /* ChatRoom.storyboard */; };
		2BFC8EB721BC1F5400A8BE78 /* ChatCommunicator.swift in Sources */ = {isa = PBXBuildFile; fileRef = 2BFC8EB621BC1F5400A8BE78 /* ChatCommunicator.swift */; };
		2BFC8EB921BC1F7E00A8BE78 /* OrderOnlineViewController.swift in Sources */ = {isa = PBXBuildFile; fileRef = 2BFC8EB821BC1F7E00A8BE78 /* OrderOnlineViewController.swift */; };
		2BFC8EBB21BC210500A8BE78 /* LogManager.swift in Sources */ = {isa = PBXBuildFile; fileRef = 2BFC8EBA21BC210500A8BE78 /* LogManager.swift */; };
		2BFC8EC121BC211000A8BE78 /* ChatView.swift in Sources */ = {isa = PBXBuildFile; fileRef = 2BFC8EBC21BC211000A8BE78 /* ChatView.swift */; };
		2BFC8EC221BC211000A8BE78 /* fromOthers@2x.png in Resources */ = {isa = PBXBuildFile; fileRef = 2BFC8EBD21BC211000A8BE78 /* fromOthers@2x.png */; };
		2BFC8EC321BC211000A8BE78 /* fromMe.png in Resources */ = {isa = PBXBuildFile; fileRef = 2BFC8EBE21BC211000A8BE78 /* fromMe.png */; };
		2BFC8EC421BC211000A8BE78 /* fromOthers.png in Resources */ = {isa = PBXBuildFile; fileRef = 2BFC8EBF21BC211000A8BE78 /* fromOthers.png */; };
		2BFC8EC521BC211000A8BE78 /* fromMe@2x.png in Resources */ = {isa = PBXBuildFile; fileRef = 2BFC8EC021BC211000A8BE78 /* fromMe@2x.png */; };
		2BFC8EC721BC213D00A8BE78 /* HelloMyPushMessage copy-Info.plist in Resources */ = {isa = PBXBuildFile; fileRef = 2BFC8EC621BC213D00A8BE78 /* HelloMyPushMessage copy-Info.plist */; };
		2BFE784C218FFF3F005CD0D9 /* Member.swift in Sources */ = {isa = PBXBuildFile; fileRef = 2BFE784B218FFF3F005CD0D9 /* Member.swift */; };
		2BFE784E21900F42005CD0D9 /* Common.swift in Sources */ = {isa = PBXBuildFile; fileRef = 2BFE784D21900F42005CD0D9 /* Common.swift */; };
		2C97216D2195C1BB00BC5A06 /* Category.swift in Sources */ = {isa = PBXBuildFile; fileRef = 2C97216C2195C1BB00BC5A06 /* Category.swift */; };
		2C9721702199642900BC5A06 /* img_product_subtract.png in Resources */ = {isa = PBXBuildFile; fileRef = 2C97216E2199642900BC5A06 /* img_product_subtract.png */; };
		2C9721712199642900BC5A06 /* img_product_add.png in Resources */ = {isa = PBXBuildFile; fileRef = 2C97216F2199642900BC5A06 /* img_product_add.png */; };
		2C9721782199A5B100BC5A06 /* img_product_select.png in Resources */ = {isa = PBXBuildFile; fileRef = 2C9721762199A5B100BC5A06 /* img_product_select.png */; };
		2C9721792199A5B100BC5A06 /* img_product_non_select.png in Resources */ = {isa = PBXBuildFile; fileRef = 2C9721772199A5B100BC5A06 /* img_product_non_select.png */; };
		2C9899FE219BC7BA00ABA026 /* Product.swift in Sources */ = {isa = PBXBuildFile; fileRef = 2C97216A2195BCF500BC5A06 /* Product.swift */; };
		2C989A00219BCB5000ABA026 /* printHelper.swift in Sources */ = {isa = PBXBuildFile; fileRef = 2C9899FF219BCB5000ABA026 /* printHelper.swift */; };
		2C989A27219D512400ABA026 /* LogSQLite.swift in Sources */ = {isa = PBXBuildFile; fileRef = 2C989A26219D512400ABA026 /* LogSQLite.swift */; };
		2C989A2B219DB1A700ABA026 /* productListTableViewCell.swift in Sources */ = {isa = PBXBuildFile; fileRef = 2C989A2A219DB1A700ABA026 /* productListTableViewCell.swift */; };
		2C989A2D21A3E92F00ABA026 /* AddingProductToShoppingCartViewController.swift in Sources */ = {isa = PBXBuildFile; fileRef = 2C989A2C21A3E92F00ABA026 /* AddingProductToShoppingCartViewController.swift */; };
		2C989A2F21A3E96900ABA026 /* AddingProductToShoppingCartTableViewController.swift in Sources */ = {isa = PBXBuildFile; fileRef = 2C989A2E21A3E96900ABA026 /* AddingProductToShoppingCartTableViewController.swift */; };
		2C9C493B21B9049400675E49 /* UiHelper.swift in Sources */ = {isa = PBXBuildFile; fileRef = 2C9C493A21B9049400675E49 /* UiHelper.swift */; };
		2CAF06DD219A5EB400374898 /* img_product_shoppingcart@2x.png in Resources */ = {isa = PBXBuildFile; fileRef = 2CAF06DA219A5EB300374898 /* img_product_shoppingcart@2x.png */; };
		2CAF06DE219A5EB400374898 /* img_product_shoppingcart@3x.png in Resources */ = {isa = PBXBuildFile; fileRef = 2CAF06DB219A5EB400374898 /* img_product_shoppingcart@3x.png */; };
		2CAF06DF219A5EB400374898 /* img_product_shoppingcart.png in Resources */ = {isa = PBXBuildFile; fileRef = 2CAF06DC219A5EB400374898 /* img_product_shoppingcart.png */; };
		2CB6567D2193E61B0086798A /* ProductPage.storyboard in Resources */ = {isa = PBXBuildFile; fileRef = 2CB6567C2193E61B0086798A /* ProductPage.storyboard */; };
		2CB656842193E6430086798A /* img_product_drink_shop.png in Resources */ = {isa = PBXBuildFile; fileRef = 2CB6567F2193E6430086798A /* img_product_drink_shop.png */; };
		2CB656852193E6430086798A /* img_product_size_l.png in Resources */ = {isa = PBXBuildFile; fileRef = 2CB656802193E6430086798A /* img_product_size_l.png */; };
		2CB656862193E6430086798A /* img_product_size_m.png in Resources */ = {isa = PBXBuildFile; fileRef = 2CB656812193E6430086798A /* img_product_size_m.png */; };
		2CB656872193E6430086798A /* img_product_item_total.png in Resources */ = {isa = PBXBuildFile; fileRef = 2CB656822193E6430086798A /* img_product_item_total.png */; };
		2CB656882193E6430086798A /* img_product_background.png in Resources */ = {isa = PBXBuildFile; fileRef = 2CB656832193E6430086798A /* img_product_background.png */; };
		2CB6568C2193E7380086798A /* CategoryView.swift in Sources */ = {isa = PBXBuildFile; fileRef = 2CB656892193E7380086798A /* CategoryView.swift */; };
		2CB6568D2193E7380086798A /* ProductPageViewController.swift in Sources */ = {isa = PBXBuildFile; fileRef = 2CB6568A2193E7380086798A /* ProductPageViewController.swift */; };
		2CB6568E2193E7380086798A /* ColorHelper.swift in Sources */ = {isa = PBXBuildFile; fileRef = 2CB6568B2193E7380086798A /* ColorHelper.swift */; };
		2CBCB4B521BE0922003EC23E /* ProductCouponTableViewController.swift in Sources */ = {isa = PBXBuildFile; fileRef = 2CBCB4B421BE0922003EC23E /* ProductCouponTableViewController.swift */; };
		2CBCB4B721BE0A3A003EC23E /* ProductCouponTableViewCell.swift in Sources */ = {isa = PBXBuildFile; fileRef = 2CBCB4B621BE0A3A003EC23E /* ProductCouponTableViewCell.swift */; };
		2CC672EE21B974D300406879 /* ShoppingCartTableViewController.swift in Sources */ = {isa = PBXBuildFile; fileRef = 2CC672ED21B974D300406879 /* ShoppingCartTableViewController.swift */; };
		2CCF8DD421A92584006F961A /* Login.swift in Sources */ = {isa = PBXBuildFile; fileRef = 2CCF8DD321A92584006F961A /* Login.swift */; };
		2CCF8DD721A92F32006F961A /* MemberModifyTableViewController.swift in Sources */ = {isa = PBXBuildFile; fileRef = 2B21E03721A3004300B3AAC7 /* MemberModifyTableViewController.swift */; };
		2CCF8DD921ABE788006F961A /* ShoppingCart.swift in Sources */ = {isa = PBXBuildFile; fileRef = 2CCF8DD821ABE788006F961A /* ShoppingCart.swift */; };
		2CCF8DDB21ABF11B006F961A /* ShoppingCartTotol.swift in Sources */ = {isa = PBXBuildFile; fileRef = 2CCF8DDA21ABF11B006F961A /* ShoppingCartTotol.swift */; };
		2CCF8DDD21AF97D8006F961A /* FetchDataDelegate.swift in Sources */ = {isa = PBXBuildFile; fileRef = 2CCF8DDC21AF97D8006F961A /* FetchDataDelegate.swift */; };
		2CCF8DDF21B4E5FA006F961A /* ProductDetails.swift in Sources */ = {isa = PBXBuildFile; fileRef = 2CCF8DDE21B4E5FA006F961A /* ProductDetails.swift */; };
		2CCF8DE121B6BD68006F961A /* ShoppingCartViewController.swift in Sources */ = {isa = PBXBuildFile; fileRef = 2CCF8DE021B6BD68006F961A /* ShoppingCartViewController.swift */; };
		2CCF8DE921B6C514006F961A /* ShoppingCartListTableViewCell.swift in Sources */ = {isa = PBXBuildFile; fileRef = 2CCF8DE821B6C514006F961A /* ShoppingCartListTableViewCell.swift */; };
		7B44C36A21BA266F004E9A32 /* NewsItem.swift in Sources */ = {isa = PBXBuildFile; fileRef = 7B44C36921BA266F004E9A32 /* NewsItem.swift */; };
		7B44C36C21BA2742004E9A32 /* ActivitiesCollectionViewCell.swift in Sources */ = {isa = PBXBuildFile; fileRef = 7B44C36B21BA2741004E9A32 /* ActivitiesCollectionViewCell.swift */; };
		7B44C38221BA6E19004E9A32 /* ActivitiesViewController.swift in Sources */ = {isa = PBXBuildFile; fileRef = 7B44C38021BA6E19004E9A32 /* ActivitiesViewController.swift */; };
		7B44C38321BA6E19004E9A32 /* Activities.storyboard in Resources */ = {isa = PBXBuildFile; fileRef = 7B44C38121BA6E19004E9A32 /* Activities.storyboard */; };
		F962A5A4CD3EE5A0DF357B27 /* Pods_DrinkShopClient_IOS.framework in Frameworks */ = {isa = PBXBuildFile; fileRef = 3E39B4D90D2610F872F912E9 /* Pods_DrinkShopClient_IOS.framework */; };
/* End PBXBuildFile section */

/* Begin PBXCopyFilesBuildPhase section */
		2B8260B221A68A60003FC1DA /* Embed App Extensions */ = {
			isa = PBXCopyFilesBuildPhase;
			buildActionMask = 2147483647;
			dstPath = "";
			dstSubfolderSpec = 13;
			files = (
			);
			name = "Embed App Extensions";
			runOnlyForDeploymentPostprocessing = 0;
		};
/* End PBXCopyFilesBuildPhase section */

/* Begin PBXFileReference section */
		2B14B09321969C0500EE6BC4 /* MemberFunctionViewController.swift */ = {isa = PBXFileReference; lastKnownFileType = sourcecode.swift; path = MemberFunctionViewController.swift; sourceTree = "<group>"; };
		2B1EF15221BE3864007A7D51 /* servishero_loading.json */ = {isa = PBXFileReference; fileEncoding = 4; lastKnownFileType = text.json; path = servishero_loading.json; sourceTree = "<group>"; };
		2B1EF15321BE3864007A7D51 /* happybirthday.aep */ = {isa = PBXFileReference; lastKnownFileType = file; path = happybirthday.aep; sourceTree = "<group>"; };
		2B1EF15621BE4859007A7D51 /* CouponViewController.swift */ = {isa = PBXFileReference; fileEncoding = 4; lastKnownFileType = sourcecode.swift; path = CouponViewController.swift; sourceTree = "<group>"; };
		2B20D9A12193FC80007EF9A9 /* Communicator.swift */ = {isa = PBXFileReference; fileEncoding = 4; lastKnownFileType = sourcecode.swift; path = Communicator.swift; sourceTree = "<group>"; };
		2B20D9A22193FC80007EF9A9 /* UIImage+Resize.swift */ = {isa = PBXFileReference; fileEncoding = 4; lastKnownFileType = sourcecode.swift; path = "UIImage+Resize.swift"; sourceTree = "<group>"; };
		2B21E03721A3004300B3AAC7 /* MemberModifyTableViewController.swift */ = {isa = PBXFileReference; lastKnownFileType = sourcecode.swift; path = MemberModifyTableViewController.swift; sourceTree = "<group>"; };
		2B21E03D21A5315A00B3AAC7 /* MemberHistoryTableViewController.swift */ = {isa = PBXFileReference; lastKnownFileType = sourcecode.swift; path = MemberHistoryTableViewController.swift; sourceTree = "<group>"; };
		2B21E03F21A5318E00B3AAC7 /* MemberOrderTableViewController.swift */ = {isa = PBXFileReference; lastKnownFileType = sourcecode.swift; path = MemberOrderTableViewController.swift; sourceTree = "<group>"; };
		2B21E04121A531CA00B3AAC7 /* MemberCouponTableViewController.swift */ = {isa = PBXFileReference; lastKnownFileType = sourcecode.swift; path = MemberCouponTableViewController.swift; sourceTree = "<group>"; };
		2B21F4D221BA838700534049 /* MemberOrderDetailViewController.swift */ = {isa = PBXFileReference; fileEncoding = 4; lastKnownFileType = sourcecode.swift; path = MemberOrderDetailViewController.swift; sourceTree = "<group>"; };
		2B21F4D421BA83BE00534049 /* Order.swift */ = {isa = PBXFileReference; fileEncoding = 4; lastKnownFileType = sourcecode.swift; path = Order.swift; sourceTree = "<group>"; };
		2B21F4D621BA83DE00534049 /* MemberOrderTableViewCell.swift */ = {isa = PBXFileReference; fileEncoding = 4; lastKnownFileType = sourcecode.swift; path = MemberOrderTableViewCell.swift; sourceTree = "<group>"; };
		2B21F4D821BA8A9800534049 /* MemberHistoryTableViewCell.swift */ = {isa = PBXFileReference; fileEncoding = 4; lastKnownFileType = sourcecode.swift; path = MemberHistoryTableViewCell.swift; sourceTree = "<group>"; };
		2B21F4D921BA8A9800534049 /* MemberHistoryViewController.swift */ = {isa = PBXFileReference; fileEncoding = 4; lastKnownFileType = sourcecode.swift; path = MemberHistoryViewController.swift; sourceTree = "<group>"; };
		2B21F4DE21BA914400534049 /* Coupon.swift */ = {isa = PBXFileReference; fileEncoding = 4; lastKnownFileType = sourcecode.swift; path = Coupon.swift; sourceTree = "<group>"; };
		2B21F4E021BA915900534049 /* MemberCouponTableViewCell.swift */ = {isa = PBXFileReference; fileEncoding = 4; lastKnownFileType = sourcecode.swift; path = MemberCouponTableViewCell.swift; sourceTree = "<group>"; };
		2B21F4E421BBCA2600534049 /* MapKit.framework */ = {isa = PBXFileReference; lastKnownFileType = wrapper.framework; name = MapKit.framework; path = System/Library/Frameworks/MapKit.framework; sourceTree = SDKROOT; };
		2B21F4E621BBE20300534049 /* MemberRegisterTableViewController.swift */ = {isa = PBXFileReference; lastKnownFileType = sourcecode.swift; path = MemberRegisterTableViewController.swift; sourceTree = "<group>"; };
		2B310E52216A35A400EBAEA2 /* DrinkShopClient_IOS.app */ = {isa = PBXFileReference; explicitFileType = wrapper.application; includeInIndex = 0; path = DrinkShopClient_IOS.app; sourceTree = BUILT_PRODUCTS_DIR; };
		2B310E55216A35A400EBAEA2 /* AppDelegate.swift */ = {isa = PBXFileReference; lastKnownFileType = sourcecode.swift; path = AppDelegate.swift; sourceTree = "<group>"; };
		2B310E57216A35A400EBAEA2 /* ViewController.swift */ = {isa = PBXFileReference; lastKnownFileType = sourcecode.swift; path = ViewController.swift; sourceTree = "<group>"; };
		2B310E5A216A35A400EBAEA2 /* Base */ = {isa = PBXFileReference; lastKnownFileType = file.storyboard; name = Base; path = Base.lproj/Main.storyboard; sourceTree = "<group>"; };
		2B310E5C216A35A600EBAEA2 /* Assets.xcassets */ = {isa = PBXFileReference; lastKnownFileType = folder.assetcatalog; path = Assets.xcassets; sourceTree = "<group>"; };
		2B310E5F216A35A600EBAEA2 /* Base */ = {isa = PBXFileReference; lastKnownFileType = file.storyboard; name = Base; path = Base.lproj/LaunchScreen.storyboard; sourceTree = "<group>"; };
		2B310E61216A35A600EBAEA2 /* Info.plist */ = {isa = PBXFileReference; lastKnownFileType = text.plist.xml; path = Info.plist; sourceTree = "<group>"; };
		2B5E322C21932F7800A04A50 /* Member.storyboard */ = {isa = PBXFileReference; lastKnownFileType = file.storyboard; path = Member.storyboard; sourceTree = "<group>"; };
		2B5E322E2193398B00A04A50 /* MemberViewController.swift */ = {isa = PBXFileReference; lastKnownFileType = sourcecode.swift; path = MemberViewController.swift; sourceTree = "<group>"; };
		2B5E323F2193D3F700A04A50 /* ChatRoom.storyboard */ = {isa = PBXFileReference; lastKnownFileType = file.storyboard; path = ChatRoom.storyboard; sourceTree = "<group>"; };
		2B8260A321A68A60003FC1DA /* NotificationCenter.framework */ = {isa = PBXFileReference; lastKnownFileType = wrapper.framework; name = NotificationCenter.framework; path = System/Library/Frameworks/NotificationCenter.framework; sourceTree = SDKROOT; };
		2B8260C621A6CCC3003FC1DA /* Login.swift */ = {isa = PBXFileReference; lastKnownFileType = sourcecode.swift; path = Login.swift; sourceTree = "<group>"; };
		2BFC8EB621BC1F5400A8BE78 /* ChatCommunicator.swift */ = {isa = PBXFileReference; fileEncoding = 4; lastKnownFileType = sourcecode.swift; path = ChatCommunicator.swift; sourceTree = "<group>"; };
		2BFC8EB821BC1F7E00A8BE78 /* OrderOnlineViewController.swift */ = {isa = PBXFileReference; fileEncoding = 4; lastKnownFileType = sourcecode.swift; path = OrderOnlineViewController.swift; sourceTree = "<group>"; };
		2BFC8EBA21BC210500A8BE78 /* LogManager.swift */ = {isa = PBXFileReference; fileEncoding = 4; lastKnownFileType = sourcecode.swift; path = LogManager.swift; sourceTree = "<group>"; };
		2BFC8EBC21BC211000A8BE78 /* ChatView.swift */ = {isa = PBXFileReference; fileEncoding = 4; lastKnownFileType = sourcecode.swift; path = ChatView.swift; sourceTree = "<group>"; };
		2BFC8EBD21BC211000A8BE78 /* fromOthers@2x.png */ = {isa = PBXFileReference; lastKnownFileType = image.png; path = "fromOthers@2x.png"; sourceTree = "<group>"; };
		2BFC8EBE21BC211000A8BE78 /* fromMe.png */ = {isa = PBXFileReference; lastKnownFileType = image.png; path = fromMe.png; sourceTree = "<group>"; };
		2BFC8EBF21BC211000A8BE78 /* fromOthers.png */ = {isa = PBXFileReference; lastKnownFileType = image.png; path = fromOthers.png; sourceTree = "<group>"; };
		2BFC8EC021BC211000A8BE78 /* fromMe@2x.png */ = {isa = PBXFileReference; lastKnownFileType = image.png; path = "fromMe@2x.png"; sourceTree = "<group>"; };
		2BFC8EC621BC213D00A8BE78 /* HelloMyPushMessage copy-Info.plist */ = {isa = PBXFileReference; fileEncoding = 4; lastKnownFileType = text.plist.xml; path = "HelloMyPushMessage copy-Info.plist"; sourceTree = "<group>"; };
		2BFC8EC821BC263900A8BE78 /* DrinkShopClient_IOS.entitlements */ = {isa = PBXFileReference; lastKnownFileType = text.plist.entitlements; path = DrinkShopClient_IOS.entitlements; sourceTree = "<group>"; };
		2BFE784B218FFF3F005CD0D9 /* Member.swift */ = {isa = PBXFileReference; lastKnownFileType = sourcecode.swift; path = Member.swift; sourceTree = "<group>"; };
		2BFE784D21900F42005CD0D9 /* Common.swift */ = {isa = PBXFileReference; lastKnownFileType = sourcecode.swift; path = Common.swift; sourceTree = "<group>"; };
		2C97216A2195BCF500BC5A06 /* Product.swift */ = {isa = PBXFileReference; lastKnownFileType = sourcecode.swift; path = Product.swift; sourceTree = "<group>"; };
		2C97216C2195C1BB00BC5A06 /* Category.swift */ = {isa = PBXFileReference; lastKnownFileType = sourcecode.swift; path = Category.swift; sourceTree = "<group>"; };
		2C97216E2199642900BC5A06 /* img_product_subtract.png */ = {isa = PBXFileReference; lastKnownFileType = image.png; path = img_product_subtract.png; sourceTree = "<group>"; };
		2C97216F2199642900BC5A06 /* img_product_add.png */ = {isa = PBXFileReference; lastKnownFileType = image.png; path = img_product_add.png; sourceTree = "<group>"; };
		2C9721762199A5B100BC5A06 /* img_product_select.png */ = {isa = PBXFileReference; lastKnownFileType = image.png; path = img_product_select.png; sourceTree = "<group>"; };
		2C9721772199A5B100BC5A06 /* img_product_non_select.png */ = {isa = PBXFileReference; lastKnownFileType = image.png; path = img_product_non_select.png; sourceTree = "<group>"; };
		2C9899FF219BCB5000ABA026 /* printHelper.swift */ = {isa = PBXFileReference; lastKnownFileType = sourcecode.swift; path = printHelper.swift; sourceTree = "<group>"; };
		2C989A26219D512400ABA026 /* LogSQLite.swift */ = {isa = PBXFileReference; lastKnownFileType = sourcecode.swift; path = LogSQLite.swift; sourceTree = "<group>"; };
		2C989A2A219DB1A700ABA026 /* productListTableViewCell.swift */ = {isa = PBXFileReference; lastKnownFileType = sourcecode.swift; path = productListTableViewCell.swift; sourceTree = "<group>"; };
		2C989A2C21A3E92F00ABA026 /* AddingProductToShoppingCartViewController.swift */ = {isa = PBXFileReference; lastKnownFileType = sourcecode.swift; path = AddingProductToShoppingCartViewController.swift; sourceTree = "<group>"; };
		2C989A2E21A3E96900ABA026 /* AddingProductToShoppingCartTableViewController.swift */ = {isa = PBXFileReference; lastKnownFileType = sourcecode.swift; path = AddingProductToShoppingCartTableViewController.swift; sourceTree = "<group>"; };
		2C9C493A21B9049400675E49 /* UiHelper.swift */ = {isa = PBXFileReference; lastKnownFileType = sourcecode.swift; path = UiHelper.swift; sourceTree = "<group>"; };
		2CAF06DA219A5EB300374898 /* img_product_shoppingcart@2x.png */ = {isa = PBXFileReference; lastKnownFileType = image.png; path = "img_product_shoppingcart@2x.png"; sourceTree = "<group>"; };
		2CAF06DB219A5EB400374898 /* img_product_shoppingcart@3x.png */ = {isa = PBXFileReference; lastKnownFileType = image.png; path = "img_product_shoppingcart@3x.png"; sourceTree = "<group>"; };
		2CAF06DC219A5EB400374898 /* img_product_shoppingcart.png */ = {isa = PBXFileReference; lastKnownFileType = image.png; path = img_product_shoppingcart.png; sourceTree = "<group>"; };
		2CB6567C2193E61B0086798A /* ProductPage.storyboard */ = {isa = PBXFileReference; fileEncoding = 4; lastKnownFileType = file.storyboard; path = ProductPage.storyboard; sourceTree = "<group>"; };
		2CB6567F2193E6430086798A /* img_product_drink_shop.png */ = {isa = PBXFileReference; lastKnownFileType = image.png; path = img_product_drink_shop.png; sourceTree = "<group>"; };
		2CB656802193E6430086798A /* img_product_size_l.png */ = {isa = PBXFileReference; lastKnownFileType = image.png; path = img_product_size_l.png; sourceTree = "<group>"; };
		2CB656812193E6430086798A /* img_product_size_m.png */ = {isa = PBXFileReference; lastKnownFileType = image.png; path = img_product_size_m.png; sourceTree = "<group>"; };
		2CB656822193E6430086798A /* img_product_item_total.png */ = {isa = PBXFileReference; lastKnownFileType = image.png; path = img_product_item_total.png; sourceTree = "<group>"; };
		2CB656832193E6430086798A /* img_product_background.png */ = {isa = PBXFileReference; lastKnownFileType = image.png; path = img_product_background.png; sourceTree = "<group>"; };
		2CB656892193E7380086798A /* CategoryView.swift */ = {isa = PBXFileReference; fileEncoding = 4; lastKnownFileType = sourcecode.swift; path = CategoryView.swift; sourceTree = "<group>"; };
		2CB6568A2193E7380086798A /* ProductPageViewController.swift */ = {isa = PBXFileReference; fileEncoding = 4; lastKnownFileType = sourcecode.swift; path = ProductPageViewController.swift; sourceTree = "<group>"; };
		2CB6568B2193E7380086798A /* ColorHelper.swift */ = {isa = PBXFileReference; fileEncoding = 4; lastKnownFileType = sourcecode.swift; path = ColorHelper.swift; sourceTree = "<group>"; };
		2CBCB4B421BE0922003EC23E /* ProductCouponTableViewController.swift */ = {isa = PBXFileReference; lastKnownFileType = sourcecode.swift; path = ProductCouponTableViewController.swift; sourceTree = "<group>"; };
		2CBCB4B621BE0A3A003EC23E /* ProductCouponTableViewCell.swift */ = {isa = PBXFileReference; lastKnownFileType = sourcecode.swift; path = ProductCouponTableViewCell.swift; sourceTree = "<group>"; };
		2CC672ED21B974D300406879 /* ShoppingCartTableViewController.swift */ = {isa = PBXFileReference; lastKnownFileType = sourcecode.swift; path = ShoppingCartTableViewController.swift; sourceTree = "<group>"; };
		2CCF8DD321A92584006F961A /* Login.swift */ = {isa = PBXFileReference; fileEncoding = 4; lastKnownFileType = sourcecode.swift; path = Login.swift; sourceTree = "<group>"; };
		2CCF8DD821ABE788006F961A /* ShoppingCart.swift */ = {isa = PBXFileReference; lastKnownFileType = sourcecode.swift; path = ShoppingCart.swift; sourceTree = "<group>"; };
		2CCF8DDA21ABF11B006F961A /* ShoppingCartTotol.swift */ = {isa = PBXFileReference; lastKnownFileType = sourcecode.swift; path = ShoppingCartTotol.swift; sourceTree = "<group>"; };
		2CCF8DDC21AF97D8006F961A /* FetchDataDelegate.swift */ = {isa = PBXFileReference; lastKnownFileType = sourcecode.swift; path = FetchDataDelegate.swift; sourceTree = "<group>"; };
		2CCF8DDE21B4E5FA006F961A /* ProductDetails.swift */ = {isa = PBXFileReference; lastKnownFileType = sourcecode.swift; path = ProductDetails.swift; sourceTree = "<group>"; };
		2CCF8DE021B6BD68006F961A /* ShoppingCartViewController.swift */ = {isa = PBXFileReference; lastKnownFileType = sourcecode.swift; path = ShoppingCartViewController.swift; sourceTree = "<group>"; };
		2CCF8DE821B6C514006F961A /* ShoppingCartListTableViewCell.swift */ = {isa = PBXFileReference; lastKnownFileType = sourcecode.swift; path = ShoppingCartListTableViewCell.swift; sourceTree = "<group>"; };
		3E39B4D90D2610F872F912E9 /* Pods_DrinkShopClient_IOS.framework */ = {isa = PBXFileReference; explicitFileType = wrapper.framework; includeInIndex = 0; path = Pods_DrinkShopClient_IOS.framework; sourceTree = BUILT_PRODUCTS_DIR; };
		7B44C36921BA266F004E9A32 /* NewsItem.swift */ = {isa = PBXFileReference; fileEncoding = 4; lastKnownFileType = sourcecode.swift; path = NewsItem.swift; sourceTree = "<group>"; };
		7B44C36B21BA2741004E9A32 /* ActivitiesCollectionViewCell.swift */ = {isa = PBXFileReference; fileEncoding = 4; lastKnownFileType = sourcecode.swift; path = ActivitiesCollectionViewCell.swift; sourceTree = "<group>"; };
		7B44C38021BA6E19004E9A32 /* ActivitiesViewController.swift */ = {isa = PBXFileReference; fileEncoding = 4; lastKnownFileType = sourcecode.swift; path = ActivitiesViewController.swift; sourceTree = "<group>"; };
		7B44C38121BA6E19004E9A32 /* Activities.storyboard */ = {isa = PBXFileReference; fileEncoding = 4; lastKnownFileType = file.storyboard; path = Activities.storyboard; sourceTree = "<group>"; };
		7C909B154298D9D6B54849A9 /* Pods-DrinkShopClient_IOS.release.xcconfig */ = {isa = PBXFileReference; includeInIndex = 1; lastKnownFileType = text.xcconfig; name = "Pods-DrinkShopClient_IOS.release.xcconfig"; path = "Pods/Target Support Files/Pods-DrinkShopClient_IOS/Pods-DrinkShopClient_IOS.release.xcconfig"; sourceTree = "<group>"; };
		CB7BFA160FE1049140B89C86 /* Pods-DrinkShopClient_IOS.debug.xcconfig */ = {isa = PBXFileReference; includeInIndex = 1; lastKnownFileType = text.xcconfig; name = "Pods-DrinkShopClient_IOS.debug.xcconfig"; path = "Pods/Target Support Files/Pods-DrinkShopClient_IOS/Pods-DrinkShopClient_IOS.debug.xcconfig"; sourceTree = "<group>"; };
/* End PBXFileReference section */

/* Begin PBXFrameworksBuildPhase section */
		2B310E4F216A35A400EBAEA2 /* Frameworks */ = {
			isa = PBXFrameworksBuildPhase;
			buildActionMask = 2147483647;
			files = (
				2B21F4E521BBCA2600534049 /* MapKit.framework in Frameworks */,
				F962A5A4CD3EE5A0DF357B27 /* Pods_DrinkShopClient_IOS.framework in Frameworks */,
			);
			runOnlyForDeploymentPostprocessing = 0;
		};
/* End PBXFrameworksBuildPhase section */

/* Begin PBXGroup section */
		2B310E49216A35A400EBAEA2 = {
			isa = PBXGroup;
			children = (
				2B310E54216A35A400EBAEA2 /* DrinkShopClient_IOS */,
				2B310E53216A35A400EBAEA2 /* Products */,
				433839C2C0FCD774E2A89878 /* Pods */,
				D51CEE1B0539F7FB3C6FEB81 /* Frameworks */,
				2C8EFBCC21A9221500058CD5 /* Recovered References */,
				2BFC8EC621BC213D00A8BE78 /* HelloMyPushMessage copy-Info.plist */,
			);
			sourceTree = "<group>";
		};
		2B310E53216A35A400EBAEA2 /* Products */ = {
			isa = PBXGroup;
			children = (
				2B310E52216A35A400EBAEA2 /* DrinkShopClient_IOS.app */,
			);
			name = Products;
			sourceTree = "<group>";
		};
		2B310E54216A35A400EBAEA2 /* DrinkShopClient_IOS */ = {
			isa = PBXGroup;
			children = (
				2BFC8EC821BC263900A8BE78 /* DrinkShopClient_IOS.entitlements */,
				2CB656772193E5910086798A /* Product */,
				2B71078A2193D8660061CF64 /* Common */,
				2B5E32382193CA2F00A04A50 /* ChatRoom */,
				2B5E32312193C98000A04A50 /* Activities */,
				2B5E32302193C8F200A04A50 /* Member */,
				2B310E5C216A35A600EBAEA2 /* Assets.xcassets */,
				2B310E5E216A35A600EBAEA2 /* LaunchScreen.storyboard */,
				2B310E61216A35A600EBAEA2 /* Info.plist */,
			);
			path = DrinkShopClient_IOS;
			sourceTree = "<group>";
		};
		2B5E32302193C8F200A04A50 /* Member */ = {
			isa = PBXGroup;
			children = (
				2B86C97B218FE75600D93FC9 /* Model */,
				2B86C97D218FE7AA00D93FC9 /* View */,
				2B86C97C218FE76900D93FC9 /* Controller */,
			);
			path = Member;
			sourceTree = "<group>";
		};
		2B5E32312193C98000A04A50 /* Activities */ = {
			isa = PBXGroup;
			children = (
				2B5E32322193C99100A04A50 /* Model */,
				2B5E32342193C9AE00A04A50 /* View */,
				2B5E32332193C9A300A04A50 /* Controller */,
			);
			path = Activities;
			sourceTree = "<group>";
		};
		2B5E32322193C99100A04A50 /* Model */ = {
			isa = PBXGroup;
			children = (
				7B44C36921BA266F004E9A32 /* NewsItem.swift */,
			);
			path = Model;
			sourceTree = "<group>";
		};
		2B5E32332193C9A300A04A50 /* Controller */ = {
			isa = PBXGroup;
			children = (
				7B44C38021BA6E19004E9A32 /* ActivitiesViewController.swift */,
			);
			path = Controller;
			sourceTree = "<group>";
		};
		2B5E32342193C9AE00A04A50 /* View */ = {
			isa = PBXGroup;
			children = (
				7B44C38121BA6E19004E9A32 /* Activities.storyboard */,
				7B44C36B21BA2741004E9A32 /* ActivitiesCollectionViewCell.swift */,
			);
			path = View;
			sourceTree = "<group>";
		};
		2B5E32382193CA2F00A04A50 /* ChatRoom */ = {
			isa = PBXGroup;
			children = (
				2B5E323E2193CA8000A04A50 /* Controller */,
				2B5E323D2193CA7500A04A50 /* View */,
				2B5E323C2193CA6D00A04A50 /* Model */,
			);
			path = ChatRoom;
			sourceTree = "<group>";
		};
		2B5E323C2193CA6D00A04A50 /* Model */ = {
			isa = PBXGroup;
			children = (
				2BFC8EBA21BC210500A8BE78 /* LogManager.swift */,
				2BFC8EB621BC1F5400A8BE78 /* ChatCommunicator.swift */,
			);
			path = Model;
			sourceTree = "<group>";
		};
		2B5E323D2193CA7500A04A50 /* View */ = {
			isa = PBXGroup;
			children = (
				2BFC8EBC21BC211000A8BE78 /* ChatView.swift */,
				2BFC8EBE21BC211000A8BE78 /* fromMe.png */,
				2BFC8EC021BC211000A8BE78 /* fromMe@2x.png */,
				2BFC8EBF21BC211000A8BE78 /* fromOthers.png */,
				2BFC8EBD21BC211000A8BE78 /* fromOthers@2x.png */,
				2B5E323F2193D3F700A04A50 /* ChatRoom.storyboard */,
			);
			path = View;
			sourceTree = "<group>";
		};
		2B5E323E2193CA8000A04A50 /* Controller */ = {
			isa = PBXGroup;
			children = (
				2BFC8EB821BC1F7E00A8BE78 /* OrderOnlineViewController.swift */,
			);
			path = Controller;
			sourceTree = "<group>";
		};
		2B71078A2193D8660061CF64 /* Common */ = {
			isa = PBXGroup;
			children = (
				2B310E55216A35A400EBAEA2 /* AppDelegate.swift */,
				2C989A01219BCE4300ABA026 /* Helper */,
				2B71078D2193F36B0061CF64 /* Model */,
				2B71078C2193F35F0061CF64 /* Controller */,
				2B71078B2193F34C0061CF64 /* View */,
			);
			path = Common;
			sourceTree = "<group>";
		};
		2B71078B2193F34C0061CF64 /* View */ = {
			isa = PBXGroup;
			children = (
				2B310E59216A35A400EBAEA2 /* Main.storyboard */,
			);
			path = View;
			sourceTree = "<group>";
		};
		2B71078C2193F35F0061CF64 /* Controller */ = {
			isa = PBXGroup;
			children = (
				2B1EF15621BE4859007A7D51 /* CouponViewController.swift */,
			);
			path = Controller;
			sourceTree = "<group>";
		};
		2B71078D2193F36B0061CF64 /* Model */ = {
			isa = PBXGroup;
			children = (
				2B20D9A22193FC80007EF9A9 /* UIImage+Resize.swift */,
				2CB6568B2193E7380086798A /* ColorHelper.swift */,
				2CCF8DD321A92584006F961A /* Login.swift */,
				2BFE784D21900F42005CD0D9 /* Common.swift */,
				2C989A26219D512400ABA026 /* LogSQLite.swift */,
				2B20D9A12193FC80007EF9A9 /* Communicator.swift */,
			);
			path = Model;
			sourceTree = "<group>";
		};
		2B86C97B218FE75600D93FC9 /* Model */ = {
			isa = PBXGroup;
			children = (
				2B21F4D421BA83BE00534049 /* Order.swift */,
				2B21F4DE21BA914400534049 /* Coupon.swift */,
				2BFE784B218FFF3F005CD0D9 /* Member.swift */,
			);
			path = Model;
			sourceTree = "<group>";
		};
		2B86C97C218FE76900D93FC9 /* Controller */ = {
			isa = PBXGroup;
			children = (
				2B310E57216A35A400EBAEA2 /* ViewController.swift */,
				2B21F4E621BBE20300534049 /* MemberRegisterTableViewController.swift */,
				2B5E322E2193398B00A04A50 /* MemberViewController.swift */,
				2B14B09321969C0500EE6BC4 /* MemberFunctionViewController.swift */,
				2B21E03721A3004300B3AAC7 /* MemberModifyTableViewController.swift */,
				2B21E03D21A5315A00B3AAC7 /* MemberHistoryTableViewController.swift */,
				2B21F4D921BA8A9800534049 /* MemberHistoryViewController.swift */,
				2B21F4D821BA8A9800534049 /* MemberHistoryTableViewCell.swift */,
				2B21E03F21A5318E00B3AAC7 /* MemberOrderTableViewController.swift */,
				2B21F4D621BA83DE00534049 /* MemberOrderTableViewCell.swift */,
				2B21F4D221BA838700534049 /* MemberOrderDetailViewController.swift */,
				2B21E04121A531CA00B3AAC7 /* MemberCouponTableViewController.swift */,
				2B21F4E021BA915900534049 /* MemberCouponTableViewCell.swift */,
			);
			path = Controller;
			sourceTree = "<group>";
		};
		2B86C97D218FE7AA00D93FC9 /* View */ = {
			isa = PBXGroup;
			children = (
				2B1EF15321BE3864007A7D51 /* happybirthday.aep */,
				2B1EF15221BE3864007A7D51 /* servishero_loading.json */,
				2B5E322C21932F7800A04A50 /* Member.storyboard */,
			);
			path = View;
			sourceTree = "<group>";
		};
		2BDA0353219BB05000367B27 /* Model */ = {
			isa = PBXGroup;
			children = (
				2C97216A2195BCF500BC5A06 /* Product.swift */,
				2C97216C2195C1BB00BC5A06 /* Category.swift */,
				2CCF8DD821ABE788006F961A /* ShoppingCart.swift */,
				2CCF8DDA21ABF11B006F961A /* ShoppingCartTotol.swift */,
				2CCF8DDC21AF97D8006F961A /* FetchDataDelegate.swift */,
			);
			path = Model;
			sourceTree = "<group>";
		};
		2C8EFBCC21A9221500058CD5 /* Recovered References */ = {
			isa = PBXGroup;
			children = (
				2B8260C621A6CCC3003FC1DA /* Login.swift */,
			);
			name = "Recovered References";
			sourceTree = "<group>";
		};
		2C989A01219BCE4300ABA026 /* Helper */ = {
			isa = PBXGroup;
			children = (
				2C9899FF219BCB5000ABA026 /* printHelper.swift */,
				2CCF8DDE21B4E5FA006F961A /* ProductDetails.swift */,
				2C9C493A21B9049400675E49 /* UiHelper.swift */,
			);
			path = Helper;
			sourceTree = "<group>";
		};
		2CB656772193E5910086798A /* Product */ = {
			isa = PBXGroup;
			children = (
				2BDA0353219BB05000367B27 /* Model */,
				2CB6567E2193E6430086798A /* image */,
				2CB6567B2193E6000086798A /* Controller */,
				2CB656792193E5EC0086798A /* View */,
			);
			path = Product;
			sourceTree = "<group>";
		};
		2CB656792193E5EC0086798A /* View */ = {
			isa = PBXGroup;
			children = (
				2CCF8DE821B6C514006F961A /* ShoppingCartListTableViewCell.swift */,
				2C989A2A219DB1A700ABA026 /* productListTableViewCell.swift */,
				2CB6567C2193E61B0086798A /* ProductPage.storyboard */,
				2CB656892193E7380086798A /* CategoryView.swift */,
			);
			path = View;
			sourceTree = "<group>";
		};
		2CB6567B2193E6000086798A /* Controller */ = {
			isa = PBXGroup;
			children = (
				2CB6568A2193E7380086798A /* ProductPageViewController.swift */,
				2C989A2C21A3E92F00ABA026 /* AddingProductToShoppingCartViewController.swift */,
				2C989A2E21A3E96900ABA026 /* AddingProductToShoppingCartTableViewController.swift */,
				2CCF8DE021B6BD68006F961A /* ShoppingCartViewController.swift */,
				2CC672ED21B974D300406879 /* ShoppingCartTableViewController.swift */,
				2CBCB4B421BE0922003EC23E /* ProductCouponTableViewController.swift */,
				2CBCB4B621BE0A3A003EC23E /* ProductCouponTableViewCell.swift */,
			);
			path = Controller;
			sourceTree = "<group>";
		};
		2CB6567E2193E6430086798A /* image */ = {
			isa = PBXGroup;
			children = (
				2CAF06DC219A5EB400374898 /* img_product_shoppingcart.png */,
				2CAF06DA219A5EB300374898 /* img_product_shoppingcart@2x.png */,
				2CAF06DB219A5EB400374898 /* img_product_shoppingcart@3x.png */,
				2CB6567F2193E6430086798A /* img_product_drink_shop.png */,
				2CB656802193E6430086798A /* img_product_size_l.png */,
				2C97216F2199642900BC5A06 /* img_product_add.png */,
				2C9721772199A5B100BC5A06 /* img_product_non_select.png */,
				2C9721762199A5B100BC5A06 /* img_product_select.png */,
				2C97216E2199642900BC5A06 /* img_product_subtract.png */,
				2CB656812193E6430086798A /* img_product_size_m.png */,
				2CB656822193E6430086798A /* img_product_item_total.png */,
				2CB656832193E6430086798A /* img_product_background.png */,
			);
			path = image;
			sourceTree = "<group>";
		};
		433839C2C0FCD774E2A89878 /* Pods */ = {
			isa = PBXGroup;
			children = (
				CB7BFA160FE1049140B89C86 /* Pods-DrinkShopClient_IOS.debug.xcconfig */,
				7C909B154298D9D6B54849A9 /* Pods-DrinkShopClient_IOS.release.xcconfig */,
			);
			name = Pods;
			sourceTree = "<group>";
		};
		D51CEE1B0539F7FB3C6FEB81 /* Frameworks */ = {
			isa = PBXGroup;
			children = (
				2B21F4E421BBCA2600534049 /* MapKit.framework */,
				3E39B4D90D2610F872F912E9 /* Pods_DrinkShopClient_IOS.framework */,
				2B8260A321A68A60003FC1DA /* NotificationCenter.framework */,
			);
			name = Frameworks;
			sourceTree = "<group>";
		};
/* End PBXGroup section */

/* Begin PBXNativeTarget section */
		2B310E51216A35A400EBAEA2 /* DrinkShopClient_IOS */ = {
			isa = PBXNativeTarget;
			buildConfigurationList = 2B310E64216A35A600EBAEA2 /* Build configuration list for PBXNativeTarget "DrinkShopClient_IOS" */;
			buildPhases = (
				AE55BB1E67D2F287BA9B3ECB /* [CP] Check Pods Manifest.lock */,
				2B310E4E216A35A400EBAEA2 /* Sources */,
				2B310E4F216A35A400EBAEA2 /* Frameworks */,
				2B310E50216A35A400EBAEA2 /* Resources */,
				89AFC3554BF472A0B734067B /* [CP] Embed Pods Frameworks */,
				2B8260B221A68A60003FC1DA /* Embed App Extensions */,
			);
			buildRules = (
			);
			dependencies = (
			);
			name = DrinkShopClient_IOS;
			productName = DrinkShopClient_IOS;
			productReference = 2B310E52216A35A400EBAEA2 /* DrinkShopClient_IOS.app */;
			productType = "com.apple.product-type.application";
		};
/* End PBXNativeTarget section */

/* Begin PBXProject section */
		2B310E4A216A35A400EBAEA2 /* Project object */ = {
			isa = PBXProject;
			attributes = {
				LastSwiftUpdateCheck = 1010;
				LastUpgradeCheck = 1000;
				ORGANIZATIONNAME = "Nick Wen";
				TargetAttributes = {
					2B310E51216A35A400EBAEA2 = {
						CreatedOnToolsVersion = 10.0;
						LastSwiftMigration = 1010;
						SystemCapabilities = {
							com.apple.BackgroundModes = {
								enabled = 1;
							};
							com.apple.Maps.iOS = {
								enabled = 1;
							};
							com.apple.Push = {
								enabled = 1;
							};
						};
					};
				};
			};
			buildConfigurationList = 2B310E4D216A35A400EBAEA2 /* Build configuration list for PBXProject "DrinkShopClient_IOS" */;
			compatibilityVersion = "Xcode 9.3";
			developmentRegion = en;
			hasScannedForEncodings = 0;
			knownRegions = (
				en,
				Base,
			);
			mainGroup = 2B310E49216A35A400EBAEA2;
			productRefGroup = 2B310E53216A35A400EBAEA2 /* Products */;
			projectDirPath = "";
			projectRoot = "";
			targets = (
				2B310E51216A35A400EBAEA2 /* DrinkShopClient_IOS */,
			);
		};
/* End PBXProject section */

/* Begin PBXResourcesBuildPhase section */
		2B310E50216A35A400EBAEA2 /* Resources */ = {
			isa = PBXResourcesBuildPhase;
			buildActionMask = 2147483647;
			files = (
				2B1EF15521BE3864007A7D51 /* happybirthday.aep in Resources */,
				2C9721702199642900BC5A06 /* img_product_subtract.png in Resources */,
				2BFC8EC321BC211000A8BE78 /* fromMe.png in Resources */,
				2BFC8EC421BC211000A8BE78 /* fromOthers.png in Resources */,
				2B5E322D21932F7800A04A50 /* Member.storyboard in Resources */,
				2CAF06DE219A5EB400374898 /* img_product_shoppingcart@3x.png in Resources */,
				2C9721792199A5B100BC5A06 /* img_product_non_select.png in Resources */,
				7B44C38321BA6E19004E9A32 /* Activities.storyboard in Resources */,
				2CB656842193E6430086798A /* img_product_drink_shop.png in Resources */,
				2CAF06DF219A5EB400374898 /* img_product_shoppingcart.png in Resources */,
				2B310E60216A35A600EBAEA2 /* LaunchScreen.storyboard in Resources */,
				2B1EF15421BE3864007A7D51 /* servishero_loading.json in Resources */,
				2C9721712199642900BC5A06 /* img_product_add.png in Resources */,
				2CB656862193E6430086798A /* img_product_size_m.png in Resources */,
				2B310E5D216A35A600EBAEA2 /* Assets.xcassets in Resources */,
				2BFC8EC521BC211000A8BE78 /* fromMe@2x.png in Resources */,
				2BFC8EC221BC211000A8BE78 /* fromOthers@2x.png in Resources */,
				2CB656852193E6430086798A /* img_product_size_l.png in Resources */,
				2C9721782199A5B100BC5A06 /* img_product_select.png in Resources */,
				2CB656872193E6430086798A /* img_product_item_total.png in Resources */,
				2B310E5B216A35A400EBAEA2 /* Main.storyboard in Resources */,
				2BFC8EC721BC213D00A8BE78 /* HelloMyPushMessage copy-Info.plist in Resources */,
				2CAF06DD219A5EB400374898 /* img_product_shoppingcart@2x.png in Resources */,
				2CB656882193E6430086798A /* img_product_background.png in Resources */,
				2B5E32402193D3F700A04A50 /* ChatRoom.storyboard in Resources */,
				2CB6567D2193E61B0086798A /* ProductPage.storyboard in Resources */,
			);
			runOnlyForDeploymentPostprocessing = 0;
		};
/* End PBXResourcesBuildPhase section */

/* Begin PBXShellScriptBuildPhase section */
		89AFC3554BF472A0B734067B /* [CP] Embed Pods Frameworks */ = {
			isa = PBXShellScriptBuildPhase;
			buildActionMask = 2147483647;
			files = (
			);
			inputPaths = (
				"${SRCROOT}/Pods/Target Support Files/Pods-DrinkShopClient_IOS/Pods-DrinkShopClient_IOS-frameworks.sh",
				"${BUILT_PRODUCTS_DIR}/Alamofire/Alamofire.framework",
				"${BUILT_PRODUCTS_DIR}/SQLite.swift/SQLite.framework",
				"${BUILT_PRODUCTS_DIR}/lottie-ios/Lottie.framework",
			);
			name = "[CP] Embed Pods Frameworks";
			outputPaths = (
				"${TARGET_BUILD_DIR}/${FRAMEWORKS_FOLDER_PATH}/Alamofire.framework",
				"${TARGET_BUILD_DIR}/${FRAMEWORKS_FOLDER_PATH}/SQLite.framework",
				"${TARGET_BUILD_DIR}/${FRAMEWORKS_FOLDER_PATH}/Lottie.framework",
			);
			runOnlyForDeploymentPostprocessing = 0;
			shellPath = /bin/sh;
			shellScript = "\"${SRCROOT}/Pods/Target Support Files/Pods-DrinkShopClient_IOS/Pods-DrinkShopClient_IOS-frameworks.sh\"\n";
			showEnvVarsInLog = 0;
		};
		AE55BB1E67D2F287BA9B3ECB /* [CP] Check Pods Manifest.lock */ = {
			isa = PBXShellScriptBuildPhase;
			buildActionMask = 2147483647;
			files = (
			);
			inputPaths = (
				"${PODS_PODFILE_DIR_PATH}/Podfile.lock",
				"${PODS_ROOT}/Manifest.lock",
			);
			name = "[CP] Check Pods Manifest.lock";
			outputPaths = (
				"$(DERIVED_FILE_DIR)/Pods-DrinkShopClient_IOS-checkManifestLockResult.txt",
			);
			runOnlyForDeploymentPostprocessing = 0;
			shellPath = /bin/sh;
			shellScript = "diff \"${PODS_PODFILE_DIR_PATH}/Podfile.lock\" \"${PODS_ROOT}/Manifest.lock\" > /dev/null\nif [ $? != 0 ] ; then\n    # print error to STDERR\n    echo \"error: The sandbox is not in sync with the Podfile.lock. Run 'pod install' or update your CocoaPods installation.\" >&2\n    exit 1\nfi\n# This output is used by Xcode 'outputs' to avoid re-running this script phase.\necho \"SUCCESS\" > \"${SCRIPT_OUTPUT_FILE_0}\"\n";
			showEnvVarsInLog = 0;
		};
/* End PBXShellScriptBuildPhase section */

/* Begin PBXSourcesBuildPhase section */
		2B310E4E216A35A400EBAEA2 /* Sources */ = {
			isa = PBXSourcesBuildPhase;
			buildActionMask = 2147483647;
			files = (
				2CCF8DD721A92F32006F961A /* MemberModifyTableViewController.swift in Sources */,
				2C9899FE219BC7BA00ABA026 /* Product.swift in Sources */,
				2B21F4DB21BA8A9800534049 /* MemberHistoryTableViewCell.swift in Sources */,
				2C9C493B21B9049400675E49 /* UiHelper.swift in Sources */,
				2B20D9A32193FC80007EF9A9 /* Communicator.swift in Sources */,
				2C989A27219D512400ABA026 /* LogSQLite.swift in Sources */,
				2CCF8DDD21AF97D8006F961A /* FetchDataDelegate.swift in Sources */,
				2B5E322F2193398B00A04A50 /* MemberViewController.swift in Sources */,
				2BFE784E21900F42005CD0D9 /* Common.swift in Sources */,
				2B21E04021A5318E00B3AAC7 /* MemberOrderTableViewController.swift in Sources */,
				2BFC8EC121BC211000A8BE78 /* ChatView.swift in Sources */,
				2B21E03E21A5315A00B3AAC7 /* MemberHistoryTableViewController.swift in Sources */,
				2B21F4DF21BA914400534049 /* Coupon.swift in Sources */,
				2B21E04221A531CA00B3AAC7 /* MemberCouponTableViewController.swift in Sources */,
				2B21F4D321BA838700534049 /* MemberOrderDetailViewController.swift in Sources */,
				2B21F4D521BA83BE00534049 /* Order.swift in Sources */,
				2B20D9A42193FC80007EF9A9 /* UIImage+Resize.swift in Sources */,
				2B21F4DC21BA8A9800534049 /* MemberHistoryViewController.swift in Sources */,
				2C989A2D21A3E92F00ABA026 /* AddingProductToShoppingCartViewController.swift in Sources */,
				2CCF8DDB21ABF11B006F961A /* ShoppingCartTotol.swift in Sources */,
				2BFC8EB721BC1F5400A8BE78 /* ChatCommunicator.swift in Sources */,
				2C989A00219BCB5000ABA026 /* printHelper.swift in Sources */,
				2BFC8EBB21BC210500A8BE78 /* LogManager.swift in Sources */,
				2CCF8DE921B6C514006F961A /* ShoppingCartListTableViewCell.swift in Sources */,
				2C989A2B219DB1A700ABA026 /* productListTableViewCell.swift in Sources */,
				2CCF8DD421A92584006F961A /* Login.swift in Sources */,
				7B44C38221BA6E19004E9A32 /* ActivitiesViewController.swift in Sources */,
				2B21F4E721BBE20300534049 /* MemberRegisterTableViewController.swift in Sources */,
				2B1EF15721BE4859007A7D51 /* CouponViewController.swift in Sources */,
				2CB6568D2193E7380086798A /* ProductPageViewController.swift in Sources */,
				2CCF8DE121B6BD68006F961A /* ShoppingCartViewController.swift in Sources */,
				2BFC8EB921BC1F7E00A8BE78 /* OrderOnlineViewController.swift in Sources */,
				7B44C36C21BA2742004E9A32 /* ActivitiesCollectionViewCell.swift in Sources */,
				7B44C36A21BA266F004E9A32 /* NewsItem.swift in Sources */,
				2CB6568E2193E7380086798A /* ColorHelper.swift in Sources */,
				2CCF8DDF21B4E5FA006F961A /* ProductDetails.swift in Sources */,
				2CB6568C2193E7380086798A /* CategoryView.swift in Sources */,
				2CBCB4B721BE0A3A003EC23E /* ProductCouponTableViewCell.swift in Sources */,
				2B14B09421969C0500EE6BC4 /* MemberFunctionViewController.swift in Sources */,
				2CC672EE21B974D300406879 /* ShoppingCartTableViewController.swift in Sources */,
				2B310E58216A35A400EBAEA2 /* ViewController.swift in Sources */,
				2C989A2F21A3E96900ABA026 /* AddingProductToShoppingCartTableViewController.swift in Sources */,
				2BFE784C218FFF3F005CD0D9 /* Member.swift in Sources */,
				2B21F4E121BA915900534049 /* MemberCouponTableViewCell.swift in Sources */,
				2B21F4D721BA83DF00534049 /* MemberOrderTableViewCell.swift in Sources */,
				2CCF8DD921ABE788006F961A /* ShoppingCart.swift in Sources */,
				2CBCB4B521BE0922003EC23E /* ProductCouponTableViewController.swift in Sources */,
				2B310E56216A35A400EBAEA2 /* AppDelegate.swift in Sources */,
				2C97216D2195C1BB00BC5A06 /* Category.swift in Sources */,
			);
			runOnlyForDeploymentPostprocessing = 0;
		};
/* End PBXSourcesBuildPhase section */

/* Begin PBXVariantGroup section */
		2B310E59216A35A400EBAEA2 /* Main.storyboard */ = {
			isa = PBXVariantGroup;
			children = (
				2B310E5A216A35A400EBAEA2 /* Base */,
			);
			name = Main.storyboard;
			sourceTree = "<group>";
		};
		2B310E5E216A35A600EBAEA2 /* LaunchScreen.storyboard */ = {
			isa = PBXVariantGroup;
			children = (
				2B310E5F216A35A600EBAEA2 /* Base */,
			);
			name = LaunchScreen.storyboard;
			sourceTree = "<group>";
		};
/* End PBXVariantGroup section */

/* Begin XCBuildConfiguration section */
		2B310E62216A35A600EBAEA2 /* Debug */ = {
			isa = XCBuildConfiguration;
			buildSettings = {
				ALWAYS_SEARCH_USER_PATHS = NO;
				CLANG_ANALYZER_NONNULL = YES;
				CLANG_ANALYZER_NUMBER_OBJECT_CONVERSION = YES_AGGRESSIVE;
				CLANG_CXX_LANGUAGE_STANDARD = "gnu++14";
				CLANG_CXX_LIBRARY = "libc++";
				CLANG_ENABLE_MODULES = YES;
				CLANG_ENABLE_OBJC_ARC = YES;
				CLANG_ENABLE_OBJC_WEAK = YES;
				CLANG_WARN_BLOCK_CAPTURE_AUTORELEASING = YES;
				CLANG_WARN_BOOL_CONVERSION = YES;
				CLANG_WARN_COMMA = YES;
				CLANG_WARN_CONSTANT_CONVERSION = YES;
				CLANG_WARN_DEPRECATED_OBJC_IMPLEMENTATIONS = YES;
				CLANG_WARN_DIRECT_OBJC_ISA_USAGE = YES_ERROR;
				CLANG_WARN_DOCUMENTATION_COMMENTS = YES;
				CLANG_WARN_EMPTY_BODY = YES;
				CLANG_WARN_ENUM_CONVERSION = YES;
				CLANG_WARN_INFINITE_RECURSION = YES;
				CLANG_WARN_INT_CONVERSION = YES;
				CLANG_WARN_NON_LITERAL_NULL_CONVERSION = YES;
				CLANG_WARN_OBJC_IMPLICIT_RETAIN_SELF = YES;
				CLANG_WARN_OBJC_LITERAL_CONVERSION = YES;
				CLANG_WARN_OBJC_ROOT_CLASS = YES_ERROR;
				CLANG_WARN_RANGE_LOOP_ANALYSIS = YES;
				CLANG_WARN_STRICT_PROTOTYPES = YES;
				CLANG_WARN_SUSPICIOUS_MOVE = YES;
				CLANG_WARN_UNGUARDED_AVAILABILITY = YES_AGGRESSIVE;
				CLANG_WARN_UNREACHABLE_CODE = YES;
				CLANG_WARN__DUPLICATE_METHOD_MATCH = YES;
				CODE_SIGN_IDENTITY = "iPhone Developer";
				COPY_PHASE_STRIP = NO;
				DEBUG_INFORMATION_FORMAT = dwarf;
				ENABLE_STRICT_OBJC_MSGSEND = YES;
				ENABLE_TESTABILITY = YES;
				GCC_C_LANGUAGE_STANDARD = gnu11;
				GCC_DYNAMIC_NO_PIC = NO;
				GCC_NO_COMMON_BLOCKS = YES;
				GCC_OPTIMIZATION_LEVEL = 0;
				GCC_PREPROCESSOR_DEFINITIONS = (
					"DEBUG=1",
					"$(inherited)",
				);
				GCC_WARN_64_TO_32_BIT_CONVERSION = YES;
				GCC_WARN_ABOUT_RETURN_TYPE = YES_ERROR;
				GCC_WARN_UNDECLARED_SELECTOR = YES;
				GCC_WARN_UNINITIALIZED_AUTOS = YES_AGGRESSIVE;
				GCC_WARN_UNUSED_FUNCTION = YES;
				GCC_WARN_UNUSED_VARIABLE = YES;
				IPHONEOS_DEPLOYMENT_TARGET = 12.0;
				MTL_ENABLE_DEBUG_INFO = INCLUDE_SOURCE;
				MTL_FAST_MATH = YES;
				ONLY_ACTIVE_ARCH = YES;
				SDKROOT = iphoneos;
				SWIFT_ACTIVE_COMPILATION_CONDITIONS = DEBUG;
				SWIFT_OPTIMIZATION_LEVEL = "-Onone";
			};
			name = Debug;
		};
		2B310E63216A35A600EBAEA2 /* Release */ = {
			isa = XCBuildConfiguration;
			buildSettings = {
				ALWAYS_SEARCH_USER_PATHS = NO;
				CLANG_ANALYZER_NONNULL = YES;
				CLANG_ANALYZER_NUMBER_OBJECT_CONVERSION = YES_AGGRESSIVE;
				CLANG_CXX_LANGUAGE_STANDARD = "gnu++14";
				CLANG_CXX_LIBRARY = "libc++";
				CLANG_ENABLE_MODULES = YES;
				CLANG_ENABLE_OBJC_ARC = YES;
				CLANG_ENABLE_OBJC_WEAK = YES;
				CLANG_WARN_BLOCK_CAPTURE_AUTORELEASING = YES;
				CLANG_WARN_BOOL_CONVERSION = YES;
				CLANG_WARN_COMMA = YES;
				CLANG_WARN_CONSTANT_CONVERSION = YES;
				CLANG_WARN_DEPRECATED_OBJC_IMPLEMENTATIONS = YES;
				CLANG_WARN_DIRECT_OBJC_ISA_USAGE = YES_ERROR;
				CLANG_WARN_DOCUMENTATION_COMMENTS = YES;
				CLANG_WARN_EMPTY_BODY = YES;
				CLANG_WARN_ENUM_CONVERSION = YES;
				CLANG_WARN_INFINITE_RECURSION = YES;
				CLANG_WARN_INT_CONVERSION = YES;
				CLANG_WARN_NON_LITERAL_NULL_CONVERSION = YES;
				CLANG_WARN_OBJC_IMPLICIT_RETAIN_SELF = YES;
				CLANG_WARN_OBJC_LITERAL_CONVERSION = YES;
				CLANG_WARN_OBJC_ROOT_CLASS = YES_ERROR;
				CLANG_WARN_RANGE_LOOP_ANALYSIS = YES;
				CLANG_WARN_STRICT_PROTOTYPES = YES;
				CLANG_WARN_SUSPICIOUS_MOVE = YES;
				CLANG_WARN_UNGUARDED_AVAILABILITY = YES_AGGRESSIVE;
				CLANG_WARN_UNREACHABLE_CODE = YES;
				CLANG_WARN__DUPLICATE_METHOD_MATCH = YES;
				CODE_SIGN_IDENTITY = "iPhone Developer";
				COPY_PHASE_STRIP = NO;
				DEBUG_INFORMATION_FORMAT = "dwarf-with-dsym";
				ENABLE_NS_ASSERTIONS = NO;
				ENABLE_STRICT_OBJC_MSGSEND = YES;
				GCC_C_LANGUAGE_STANDARD = gnu11;
				GCC_NO_COMMON_BLOCKS = YES;
				GCC_WARN_64_TO_32_BIT_CONVERSION = YES;
				GCC_WARN_ABOUT_RETURN_TYPE = YES_ERROR;
				GCC_WARN_UNDECLARED_SELECTOR = YES;
				GCC_WARN_UNINITIALIZED_AUTOS = YES_AGGRESSIVE;
				GCC_WARN_UNUSED_FUNCTION = YES;
				GCC_WARN_UNUSED_VARIABLE = YES;
				IPHONEOS_DEPLOYMENT_TARGET = 12.0;
				MTL_ENABLE_DEBUG_INFO = NO;
				MTL_FAST_MATH = YES;
				SDKROOT = iphoneos;
				SWIFT_COMPILATION_MODE = wholemodule;
				SWIFT_OPTIMIZATION_LEVEL = "-O";
				VALIDATE_PRODUCT = YES;
			};
			name = Release;
		};
		2B310E65216A35A600EBAEA2 /* Debug */ = {
			isa = XCBuildConfiguration;
			baseConfigurationReference = CB7BFA160FE1049140B89C86 /* Pods-DrinkShopClient_IOS.debug.xcconfig */;
			buildSettings = {
				ASSETCATALOG_COMPILER_APPICON_NAME = AppIcon;
				CLANG_ENABLE_MODULES = YES;
				CODE_SIGN_ENTITLEMENTS = DrinkShopClient_IOS/DrinkShopClient_IOS.entitlements;
				CODE_SIGN_STYLE = Manual;
				DEVELOPMENT_TEAM = PY8GD98FSY;
				INFOPLIST_FILE = DrinkShopClient_IOS/Info.plist;
				LD_RUNPATH_SEARCH_PATHS = (
					"$(inherited)",
					"@executable_path/Frameworks",
				);
				PRODUCT_BUNDLE_IDENTIFIER = com.cp102.apns.test;
				PRODUCT_NAME = "$(TARGET_NAME)";
				PROVISIONING_PROFILE_SPECIFIER = "CP102 APNS Test";
				SWIFT_OBJC_BRIDGING_HEADER = "";
				SWIFT_OPTIMIZATION_LEVEL = "-Onone";
				SWIFT_VERSION = 4.2;
				TARGETED_DEVICE_FAMILY = 1;
			};
			name = Debug;
		};
		2B310E66216A35A600EBAEA2 /* Release */ = {
			isa = XCBuildConfiguration;
			baseConfigurationReference = 7C909B154298D9D6B54849A9 /* Pods-DrinkShopClient_IOS.release.xcconfig */;
			buildSettings = {
				ASSETCATALOG_COMPILER_APPICON_NAME = AppIcon;
				CLANG_ENABLE_MODULES = YES;
				CODE_SIGN_ENTITLEMENTS = DrinkShopClient_IOS/DrinkShopClient_IOS.entitlements;
				CODE_SIGN_STYLE = Manual;
				DEVELOPMENT_TEAM = "";
				INFOPLIST_FILE = DrinkShopClient_IOS/Info.plist;
				LD_RUNPATH_SEARCH_PATHS = (
					"$(inherited)",
					"@executable_path/Frameworks",
				);
				PRODUCT_BUNDLE_IDENTIFIER = com.cp102.apns.test;
				PRODUCT_NAME = "$(TARGET_NAME)";
				PROVISIONING_PROFILE_SPECIFIER = "";
				SWIFT_OBJC_BRIDGING_HEADER = "";
				SWIFT_VERSION = 4.2;
				TARGETED_DEVICE_FAMILY = 1;
			};
			name = Release;
		};
/* End XCBuildConfiguration section */

/* Begin XCConfigurationList section */
		2B310E4D216A35A400EBAEA2 /* Build configuration list for PBXProject "DrinkShopClient_IOS" */ = {
			isa = XCConfigurationList;
			buildConfigurations = (
				2B310E62216A35A600EBAEA2 /* Debug */,
				2B310E63216A35A600EBAEA2 /* Release */,
			);
			defaultConfigurationIsVisible = 0;
			defaultConfigurationName = Release;
		};
		2B310E64216A35A600EBAEA2 /* Build configuration list for PBXNativeTarget "DrinkShopClient_IOS" */ = {
			isa = XCConfigurationList;
			buildConfigurations = (
				2B310E65216A35A600EBAEA2 /* Debug */,
				2B310E66216A35A600EBAEA2 /* Release */,
			);
			defaultConfigurationIsVisible = 0;
			defaultConfigurationName = Release;
		};
/* End XCConfigurationList section */
	};
	rootObject = 2B310E4A216A35A400EBAEA2 /* Project object */;
}
